Acquiring state lock. This may take a few moments...

Terraform used the selected providers to generate the following execution
plan. Resource actions are indicated with the following symbols:
  [32m+[0m create[0m

Terraform will perform the following actions:

[1m  # module.ec2.aws_eip.webserver_eip[0m will be created
[0m  [32m+[0m[0m resource "aws_eip" "webserver_eip" {
      [32m+[0m[0m allocation_id        = (known after apply)
      [32m+[0m[0m arn                  = (known after apply)
      [32m+[0m[0m association_id       = (known after apply)
      [32m+[0m[0m carrier_ip           = (known after apply)
      [32m+[0m[0m customer_owned_ip    = (known after apply)
      [32m+[0m[0m domain               = "vpc"
      [32m+[0m[0m id                   = (known after apply)
      [32m+[0m[0m instance             = (known after apply)
      [32m+[0m[0m network_border_group = (known after apply)
      [32m+[0m[0m network_interface    = (known after apply)
      [32m+[0m[0m private_dns          = (known after apply)
      [32m+[0m[0m private_ip           = (known after apply)
      [32m+[0m[0m ptr_record           = (known after apply)
      [32m+[0m[0m public_dns           = (known after apply)
      [32m+[0m[0m public_ip            = (known after apply)
      [32m+[0m[0m public_ipv4_pool     = (known after apply)
      [32m+[0m[0m tags_all             = (known after apply)
      [32m+[0m[0m vpc                  = (known after apply)
    }

[1m  # module.ec2.aws_eip_association.webserver_eip_assoc[0m will be created
[0m  [32m+[0m[0m resource "aws_eip_association" "webserver_eip_assoc" {
      [32m+[0m[0m allocation_id        = (known after apply)
      [32m+[0m[0m id                   = (known after apply)
      [32m+[0m[0m instance_id          = (known after apply)
      [32m+[0m[0m network_interface_id = (known after apply)
      [32m+[0m[0m private_ip_address   = (known after apply)
      [32m+[0m[0m public_ip            = (known after apply)
    }

[1m  # module.ec2.aws_instance.webserver[0m will be created
[0m  [32m+[0m[0m resource "aws_instance" "webserver" {
      [32m+[0m[0m ami                                  = "ami-05134c8ef96964280"
      [32m+[0m[0m arn                                  = (known after apply)
      [32m+[0m[0m associate_public_ip_address          = (known after apply)
      [32m+[0m[0m availability_zone                    = (known after apply)
      [32m+[0m[0m cpu_core_count                       = (known after apply)
      [32m+[0m[0m cpu_threads_per_core                 = (known after apply)
      [32m+[0m[0m disable_api_stop                     = (known after apply)
      [32m+[0m[0m disable_api_termination              = (known after apply)
      [32m+[0m[0m ebs_optimized                        = (known after apply)
      [32m+[0m[0m get_password_data                    = false
      [32m+[0m[0m host_id                              = (known after apply)
      [32m+[0m[0m host_resource_group_arn              = (known after apply)
      [32m+[0m[0m iam_instance_profile                 = "ec2-s3-rds-profile"
      [32m+[0m[0m id                                   = (known after apply)
      [32m+[0m[0m instance_initiated_shutdown_behavior = (known after apply)
      [32m+[0m[0m instance_lifecycle                   = (known after apply)
      [32m+[0m[0m instance_state                       = (known after apply)
      [32m+[0m[0m instance_type                        = "t2.micro"
      [32m+[0m[0m ipv6_address_count                   = (known after apply)
      [32m+[0m[0m ipv6_addresses                       = (known after apply)
      [32m+[0m[0m key_name                             = "sudarshan-tf-key-pair.pem"
      [32m+[0m[0m monitoring                           = (known after apply)
      [32m+[0m[0m outpost_arn                          = (known after apply)
      [32m+[0m[0m password_data                        = (known after apply)
      [32m+[0m[0m placement_group                      = (known after apply)
      [32m+[0m[0m placement_partition_number           = (known after apply)
      [32m+[0m[0m primary_network_interface_id         = (known after apply)
      [32m+[0m[0m private_dns                          = (known after apply)
      [32m+[0m[0m private_ip                           = (known after apply)
      [32m+[0m[0m public_dns                           = (known after apply)
      [32m+[0m[0m public_ip                            = (known after apply)
      [32m+[0m[0m secondary_private_ips                = (known after apply)
      [32m+[0m[0m security_groups                      = (known after apply)
      [32m+[0m[0m source_dest_check                    = true
      [32m+[0m[0m spot_instance_request_id             = (known after apply)
      [32m+[0m[0m subnet_id                            = (known after apply)
      [32m+[0m[0m tags                                 = {
          [32m+[0m[0m "Environment" = "prod"
          [32m+[0m[0m "Name"        = "sudarshan-webserver"
        }
      [32m+[0m[0m tags_all                             = {
          [32m+[0m[0m "Environment" = "prod"
          [32m+[0m[0m "Name"        = "sudarshan-webserver"
        }
      [32m+[0m[0m tenancy                              = (known after apply)
      [32m+[0m[0m user_data                            = (known after apply)
      [32m+[0m[0m user_data_base64                     = (known after apply)
      [32m+[0m[0m user_data_replace_on_change          = false
      [32m+[0m[0m vpc_security_group_ids               = (known after apply)

      [32m+[0m[0m capacity_reservation_specification (known after apply)

      [32m+[0m[0m cpu_options (known after apply)

      [32m+[0m[0m ebs_block_device (known after apply)

      [32m+[0m[0m enclave_options (known after apply)

      [32m+[0m[0m ephemeral_block_device (known after apply)

      [32m+[0m[0m instance_market_options (known after apply)

      [32m+[0m[0m maintenance_options (known after apply)

      [32m+[0m[0m metadata_options (known after apply)

      [32m+[0m[0m network_interface (known after apply)

      [32m+[0m[0m private_dns_name_options (known after apply)

      [32m+[0m[0m root_block_device (known after apply)
    }

[1m  # module.iam.aws_iam_instance_profile.ec2_instance_profile[0m will be created
[0m  [32m+[0m[0m resource "aws_iam_instance_profile" "ec2_instance_profile" {
      [32m+[0m[0m arn         = (known after apply)
      [32m+[0m[0m create_date = (known after apply)
      [32m+[0m[0m id          = (known after apply)
      [32m+[0m[0m name        = "ec2-s3-rds-profile"
      [32m+[0m[0m name_prefix = (known after apply)
      [32m+[0m[0m path        = "/"
      [32m+[0m[0m role        = "ec2-s3-rds-role"
      [32m+[0m[0m tags_all    = (known after apply)
      [32m+[0m[0m unique_id   = (known after apply)
    }

[1m  # module.iam.aws_iam_role.role[0m will be created
[0m  [32m+[0m[0m resource "aws_iam_role" "role" {
      [32m+[0m[0m arn                   = (known after apply)
      [32m+[0m[0m assume_role_policy    = jsonencode(
            {
              [32m+[0m[0m Statement = [
                  [32m+[0m[0m {
                      [32m+[0m[0m Action    = "sts:AssumeRole"
                      [32m+[0m[0m Effect    = "Allow"
                      [32m+[0m[0m Principal = {
                          [32m+[0m[0m Service = "ec2.amazonaws.com"
                        }
                    },
                ]
              [32m+[0m[0m Version   = "2012-10-17"
            }
        )
      [32m+[0m[0m create_date           = (known after apply)
      [32m+[0m[0m force_detach_policies = false
      [32m+[0m[0m id                    = (known after apply)
      [32m+[0m[0m managed_policy_arns   = (known after apply)
      [32m+[0m[0m max_session_duration  = 3600
      [32m+[0m[0m name                  = "ec2-s3-rds-role"
      [32m+[0m[0m name_prefix           = (known after apply)
      [32m+[0m[0m path                  = "/"
      [32m+[0m[0m tags_all              = (known after apply)
      [32m+[0m[0m unique_id             = (known after apply)

      [32m+[0m[0m inline_policy (known after apply)
    }

[1m  # module.iam.aws_iam_role_policy_attachment.ec2_role_policy[0m will be created
[0m  [32m+[0m[0m resource "aws_iam_role_policy_attachment" "ec2_role_policy" {
      [32m+[0m[0m id         = (known after apply)
      [32m+[0m[0m policy_arn = "arn:aws:iam::aws:policy/AmazonEC2ReadOnlyAccess"
      [32m+[0m[0m role       = "ec2-s3-rds-role"
    }

[1m  # module.iam.aws_iam_role_policy_attachment.rds_role_policy[0m will be created
[0m  [32m+[0m[0m resource "aws_iam_role_policy_attachment" "rds_role_policy" {
      [32m+[0m[0m id         = (known after apply)
      [32m+[0m[0m policy_arn = "arn:aws:iam::aws:policy/AmazonRDSFullAccess"
      [32m+[0m[0m role       = "ec2-s3-rds-role"
    }

[1m  # module.iam.aws_iam_role_policy_attachment.s3_role_policy[0m will be created
[0m  [32m+[0m[0m resource "aws_iam_role_policy_attachment" "s3_role_policy" {
      [32m+[0m[0m id         = (known after apply)
      [32m+[0m[0m policy_arn = "arn:aws:iam::aws:policy/AmazonS3FullAccess"
      [32m+[0m[0m role       = "ec2-s3-rds-role"
    }

[1m  # module.rds.aws_db_instance.default[0m will be created
[0m  [32m+[0m[0m resource "aws_db_instance" "default" {
      [32m+[0m[0m address                               = (known after apply)
      [32m+[0m[0m allocated_storage                     = 20
      [32m+[0m[0m apply_immediately                     = false
      [32m+[0m[0m arn                                   = (known after apply)
      [32m+[0m[0m auto_minor_version_upgrade            = true
      [32m+[0m[0m availability_zone                     = (known after apply)
      [32m+[0m[0m backup_retention_period               = (known after apply)
      [32m+[0m[0m backup_target                         = (known after apply)
      [32m+[0m[0m backup_window                         = (known after apply)
      [32m+[0m[0m ca_cert_identifier                    = (known after apply)
      [32m+[0m[0m character_set_name                    = (known after apply)
      [32m+[0m[0m copy_tags_to_snapshot                 = false
      [32m+[0m[0m db_name                               = "SudarshanProdWebAppdb"
      [32m+[0m[0m db_subnet_group_name                  = (known after apply)
      [32m+[0m[0m dedicated_log_volume                  = false
      [32m+[0m[0m delete_automated_backups              = true
      [32m+[0m[0m domain_fqdn                           = (known after apply)
      [32m+[0m[0m endpoint                              = (known after apply)
      [32m+[0m[0m engine                                = "mysql"
      [32m+[0m[0m engine_lifecycle_support              = (known after apply)
      [32m+[0m[0m engine_version                        = "5.7"
      [32m+[0m[0m engine_version_actual                 = (known after apply)
      [32m+[0m[0m hosted_zone_id                        = (known after apply)
      [32m+[0m[0m id                                    = (known after apply)
      [32m+[0m[0m identifier                            = (known after apply)
      [32m+[0m[0m identifier_prefix                     = (known after apply)
      [32m+[0m[0m instance_class                        = "db.t3.micro"
      [32m+[0m[0m iops                                  = (known after apply)
      [32m+[0m[0m kms_key_id                            = (known after apply)
      [32m+[0m[0m latest_restorable_time                = (known after apply)
      [32m+[0m[0m license_model                         = (known after apply)
      [32m+[0m[0m listener_endpoint                     = (known after apply)
      [32m+[0m[0m maintenance_window                    = (known after apply)
      [32m+[0m[0m master_user_secret                    = (known after apply)
      [32m+[0m[0m master_user_secret_kms_key_id         = (known after apply)
      [32m+[0m[0m monitoring_interval                   = 0
      [32m+[0m[0m monitoring_role_arn                   = (known after apply)
      [32m+[0m[0m multi_az                              = (known after apply)
      [32m+[0m[0m nchar_character_set_name              = (known after apply)
      [32m+[0m[0m network_type                          = (known after apply)
      [32m+[0m[0m option_group_name                     = (known after apply)
      [32m+[0m[0m parameter_group_name                  = (known after apply)
      [32m+[0m[0m password                              = (sensitive value)
      [32m+[0m[0m performance_insights_enabled          = false
      [32m+[0m[0m performance_insights_kms_key_id       = (known after apply)
      [32m+[0m[0m performance_insights_retention_period = (known after apply)
      [32m+[0m[0m port                                  = (known after apply)
      [32m+[0m[0m publicly_accessible                   = false
      [32m+[0m[0m replica_mode                          = (known after apply)
      [32m+[0m[0m replicas                              = (known after apply)
      [32m+[0m[0m resource_id                           = (known after apply)
      [32m+[0m[0m skip_final_snapshot                   = false
      [32m+[0m[0m snapshot_identifier                   = (known after apply)
      [32m+[0m[0m status                                = (known after apply)
      [32m+[0m[0m storage_throughput                    = (known after apply)
      [32m+[0m[0m storage_type                          = (known after apply)
      [32m+[0m[0m tags                                  = {
          [32m+[0m[0m "Name" = "database"
        }
      [32m+[0m[0m tags_all                              = {
          [32m+[0m[0m "Name" = "database"
        }
      [32m+[0m[0m timezone                              = (known after apply)
      [32m+[0m[0m username                              = "dbadmin"
      [32m+[0m[0m vpc_security_group_ids                = (known after apply)
    }

[1m  # module.s3.aws_iam_instance_profile.ec2_instance_profile[0m will be created
[0m  [32m+[0m[0m resource "aws_iam_instance_profile" "ec2_instance_profile" {
      [32m+[0m[0m arn         = (known after apply)
      [32m+[0m[0m create_date = (known after apply)
      [32m+[0m[0m id          = (known after apply)
      [32m+[0m[0m name        = "prod_ec2_instance_profile"
      [32m+[0m[0m name_prefix = (known after apply)
      [32m+[0m[0m path        = "/"
      [32m+[0m[0m role        = "ec2-s3-rds-role"
      [32m+[0m[0m tags_all    = (known after apply)
      [32m+[0m[0m unique_id   = (known after apply)
    }

[1m  # module.s3.aws_s3_bucket.S3_webapp_bucket[0m will be created
[0m  [32m+[0m[0m resource "aws_s3_bucket" "S3_webapp_bucket" {
      [32m+[0m[0m acceleration_status         = (known after apply)
      [32m+[0m[0m acl                         = (known after apply)
      [32m+[0m[0m arn                         = (known after apply)
      [32m+[0m[0m bucket                      = "sudarshan-webapp-prod-s3-bucket"
      [32m+[0m[0m bucket_domain_name          = (known after apply)
      [32m+[0m[0m bucket_prefix               = (known after apply)
      [32m+[0m[0m bucket_regional_domain_name = (known after apply)
      [32m+[0m[0m force_destroy               = false
      [32m+[0m[0m hosted_zone_id              = (known after apply)
      [32m+[0m[0m id                          = (known after apply)
      [32m+[0m[0m object_lock_enabled         = (known after apply)
      [32m+[0m[0m policy                      = (known after apply)
      [32m+[0m[0m region                      = (known after apply)
      [32m+[0m[0m request_payer               = (known after apply)
      [32m+[0m[0m tags                        = {
          [32m+[0m[0m "Environment" = "prod"
          [32m+[0m[0m "Name"        = "sudarshan-webapp-prod-s3-bucket"
        }
      [32m+[0m[0m tags_all                    = {
          [32m+[0m[0m "Environment" = "prod"
          [32m+[0m[0m "Name"        = "sudarshan-webapp-prod-s3-bucket"
        }
      [32m+[0m[0m website_domain              = (known after apply)
      [32m+[0m[0m website_endpoint            = (known after apply)

      [32m+[0m[0m cors_rule (known after apply)

      [32m+[0m[0m grant (known after apply)

      [32m+[0m[0m lifecycle_rule (known after apply)

      [32m+[0m[0m logging (known after apply)

      [32m+[0m[0m object_lock_configuration (known after apply)

      [32m+[0m[0m replication_configuration (known after apply)

      [32m+[0m[0m server_side_encryption_configuration (known after apply)

      [32m+[0m[0m versioning (known after apply)

      [32m+[0m[0m website (known after apply)
    }

[1m  # module.s3.aws_s3_bucket_policy.s3_policy[0m will be created
[0m  [32m+[0m[0m resource "aws_s3_bucket_policy" "s3_policy" {
      [32m+[0m[0m bucket = (known after apply)
      [32m+[0m[0m id     = (known after apply)
      [32m+[0m[0m policy = (known after apply)
    }

[1m  # module.vpc.aws_db_subnet_group.Project_db_subnet[0m will be created
[0m  [32m+[0m[0m resource "aws_db_subnet_group" "Project_db_subnet" {
      [32m+[0m[0m arn                     = (known after apply)
      [32m+[0m[0m description             = "Managed by Terraform"
      [32m+[0m[0m id                      = (known after apply)
      [32m+[0m[0m name                    = "sudarsahan-db-subnet"
      [32m+[0m[0m name_prefix             = (known after apply)
      [32m+[0m[0m subnet_ids              = (known after apply)
      [32m+[0m[0m supported_network_types = (known after apply)
      [32m+[0m[0m tags                    = {
          [32m+[0m[0m "Name" = "Sudarshan-DB-Subnet-Group"
        }
      [32m+[0m[0m tags_all                = {
          [32m+[0m[0m "Name" = "Sudarshan-DB-Subnet-Group"
        }
      [32m+[0m[0m vpc_id                  = (known after apply)
    }

[1m  # module.vpc.aws_internet_gateway.Project_igw[0m will be created
[0m  [32m+[0m[0m resource "aws_internet_gateway" "Project_igw" {
      [32m+[0m[0m arn      = (known after apply)
      [32m+[0m[0m id       = (known after apply)
      [32m+[0m[0m owner_id = (known after apply)
      [32m+[0m[0m tags     = {
          [32m+[0m[0m "Name" = "Sudarshan-IGW"
        }
      [32m+[0m[0m tags_all = {
          [32m+[0m[0m "Name" = "Sudarshan-IGW"
        }
      [32m+[0m[0m vpc_id   = (known after apply)
    }

[1m  # module.vpc.aws_route_table.Project_private_rt[0m will be created
[0m  [32m+[0m[0m resource "aws_route_table" "Project_private_rt" {
      [32m+[0m[0m arn              = (known after apply)
      [32m+[0m[0m id               = (known after apply)
      [32m+[0m[0m owner_id         = (known after apply)
      [32m+[0m[0m propagating_vgws = (known after apply)
      [32m+[0m[0m route            = (known after apply)
      [32m+[0m[0m tags_all         = (known after apply)
      [32m+[0m[0m vpc_id           = (known after apply)
    }

[1m  # module.vpc.aws_route_table.Project_public_rt[0m will be created
[0m  [32m+[0m[0m resource "aws_route_table" "Project_public_rt" {
      [32m+[0m[0m arn              = (known after apply)
      [32m+[0m[0m id               = (known after apply)
      [32m+[0m[0m owner_id         = (known after apply)
      [32m+[0m[0m propagating_vgws = (known after apply)
      [32m+[0m[0m route            = [
          [32m+[0m[0m {
              [32m+[0m[0m cidr_block                 = "0.0.0.0/0"
              [32m+[0m[0m gateway_id                 = (known after apply)
                [90m# (11 unchanged attributes hidden)[0m[0m
            },
        ]
      [32m+[0m[0m tags_all         = (known after apply)
      [32m+[0m[0m vpc_id           = (known after apply)
    }

[1m  # module.vpc.aws_route_table_association.Project_private_rt_assoc1[0m will be created
[0m  [32m+[0m[0m resource "aws_route_table_association" "Project_private_rt_assoc1" {
      [32m+[0m[0m id             = (known after apply)
      [32m+[0m[0m route_table_id = (known after apply)
      [32m+[0m[0m subnet_id      = (known after apply)
    }

[1m  # module.vpc.aws_route_table_association.Project_private_rt_assoc2[0m will be created
[0m  [32m+[0m[0m resource "aws_route_table_association" "Project_private_rt_assoc2" {
      [32m+[0m[0m id             = (known after apply)
      [32m+[0m[0m route_table_id = (known after apply)
      [32m+[0m[0m subnet_id      = (known after apply)
    }

[1m  # module.vpc.aws_route_table_association.Project_public_rt_assoc[0m will be created
[0m  [32m+[0m[0m resource "aws_route_table_association" "Project_public_rt_assoc" {
      [32m+[0m[0m id             = (known after apply)
      [32m+[0m[0m route_table_id = (known after apply)
      [32m+[0m[0m subnet_id      = (known after apply)
    }

[1m  # module.vpc.aws_security_group.ec2_sg_ssh[0m will be created
[0m  [32m+[0m[0m resource "aws_security_group" "ec2_sg_ssh" {
      [32m+[0m[0m arn                    = (known after apply)
      [32m+[0m[0m description            = "Managed by Terraform"
      [32m+[0m[0m egress                 = [
          [32m+[0m[0m {
              [32m+[0m[0m cidr_blocks      = [
                  [32m+[0m[0m "0.0.0.0/0",
                ]
              [32m+[0m[0m from_port        = 0
              [32m+[0m[0m ipv6_cidr_blocks = []
              [32m+[0m[0m prefix_list_ids  = []
              [32m+[0m[0m protocol         = "-1"
              [32m+[0m[0m security_groups  = []
              [32m+[0m[0m self             = false
              [32m+[0m[0m to_port          = 0
                [90m# (1 unchanged attribute hidden)[0m[0m
            },
        ]
      [32m+[0m[0m id                     = (known after apply)
      [32m+[0m[0m ingress                = [
          [32m+[0m[0m {
              [32m+[0m[0m cidr_blocks      = [
                  [32m+[0m[0m "0.0.0.0/0",
                ]
              [32m+[0m[0m from_port        = 22
              [32m+[0m[0m ipv6_cidr_blocks = []
              [32m+[0m[0m prefix_list_ids  = []
              [32m+[0m[0m protocol         = "tcp"
              [32m+[0m[0m security_groups  = []
              [32m+[0m[0m self             = false
              [32m+[0m[0m to_port          = 22
                [90m# (1 unchanged attribute hidden)[0m[0m
            },
          [32m+[0m[0m {
              [32m+[0m[0m cidr_blocks      = [
                  [32m+[0m[0m "0.0.0.0/0",
                ]
              [32m+[0m[0m from_port        = 80
              [32m+[0m[0m ipv6_cidr_blocks = []
              [32m+[0m[0m prefix_list_ids  = []
              [32m+[0m[0m protocol         = "tcp"
              [32m+[0m[0m security_groups  = []
              [32m+[0m[0m self             = false
              [32m+[0m[0m to_port          = 80
                [90m# (1 unchanged attribute hidden)[0m[0m
            },
        ]
      [32m+[0m[0m name                   = (known after apply)
      [32m+[0m[0m name_prefix            = (known after apply)
      [32m+[0m[0m owner_id               = (known after apply)
      [32m+[0m[0m revoke_rules_on_delete = false
      [32m+[0m[0m tags                   = {
          [32m+[0m[0m "Name" = "Sudarshan-ec2-ssh-SG"
        }
      [32m+[0m[0m tags_all               = {
          [32m+[0m[0m "Name" = "Sudarshan-ec2-ssh-SG"
        }
      [32m+[0m[0m vpc_id                 = (known after apply)
    }

[1m  # module.vpc.aws_security_group.rds_sg[0m will be created
[0m  [32m+[0m[0m resource "aws_security_group" "rds_sg" {
      [32m+[0m[0m arn                    = (known after apply)
      [32m+[0m[0m description            = "Managed by Terraform"
      [32m+[0m[0m egress                 = (known after apply)
      [32m+[0m[0m id                     = (known after apply)
      [32m+[0m[0m ingress                = [
          [32m+[0m[0m {
              [32m+[0m[0m cidr_blocks      = []
              [32m+[0m[0m from_port        = 3306
              [32m+[0m[0m ipv6_cidr_blocks = []
              [32m+[0m[0m prefix_list_ids  = []
              [32m+[0m[0m protocol         = "tcp"
              [32m+[0m[0m security_groups  = (known after apply)
              [32m+[0m[0m self             = false
              [32m+[0m[0m to_port          = 3306
                [90m# (1 unchanged attribute hidden)[0m[0m
            },
        ]
      [32m+[0m[0m name                   = (known after apply)
      [32m+[0m[0m name_prefix            = (known after apply)
      [32m+[0m[0m owner_id               = (known after apply)
      [32m+[0m[0m revoke_rules_on_delete = false
      [32m+[0m[0m tags                   = {
          [32m+[0m[0m "Name" = "Sudarshan-RDS-SG"
        }
      [32m+[0m[0m tags_all               = {
          [32m+[0m[0m "Name" = "Sudarshan-RDS-SG"
        }
      [32m+[0m[0m vpc_id                 = (known after apply)
    }

[1m  # module.vpc.aws_subnet.Project_private_subnet1[0m will be created
[0m  [32m+[0m[0m resource "aws_subnet" "Project_private_subnet1" {
      [32m+[0m[0m arn                                            = (known after apply)
      [32m+[0m[0m assign_ipv6_address_on_creation                = false
      [32m+[0m[0m availability_zone                              = "us-west-2a"
      [32m+[0m[0m availability_zone_id                           = (known after apply)
      [32m+[0m[0m cidr_block                                     = "10.0.2.0/24"
      [32m+[0m[0m enable_dns64                                   = false
      [32m+[0m[0m enable_resource_name_dns_a_record_on_launch    = false
      [32m+[0m[0m enable_resource_name_dns_aaaa_record_on_launch = false
      [32m+[0m[0m id                                             = (known after apply)
      [32m+[0m[0m ipv6_cidr_block_association_id                 = (known after apply)
      [32m+[0m[0m ipv6_native                                    = false
      [32m+[0m[0m map_public_ip_on_launch                        = false
      [32m+[0m[0m owner_id                                       = (known after apply)
      [32m+[0m[0m private_dns_hostname_type_on_launch            = (known after apply)
      [32m+[0m[0m tags_all                                       = (known after apply)
      [32m+[0m[0m vpc_id                                         = (known after apply)
    }

[1m  # module.vpc.aws_subnet.Project_private_subnet2[0m will be created
[0m  [32m+[0m[0m resource "aws_subnet" "Project_private_subnet2" {
      [32m+[0m[0m arn                                            = (known after apply)
      [32m+[0m[0m assign_ipv6_address_on_creation                = false
      [32m+[0m[0m availability_zone                              = "us-west-2b"
      [32m+[0m[0m availability_zone_id                           = (known after apply)
      [32m+[0m[0m cidr_block                                     = "10.0.3.0/24"
      [32m+[0m[0m enable_dns64                                   = false
      [32m+[0m[0m enable_resource_name_dns_a_record_on_launch    = false
      [32m+[0m[0m enable_resource_name_dns_aaaa_record_on_launch = false
      [32m+[0m[0m id                                             = (known after apply)
      [32m+[0m[0m ipv6_cidr_block_association_id                 = (known after apply)
      [32m+[0m[0m ipv6_native                                    = false
      [32m+[0m[0m map_public_ip_on_launch                        = false
      [32m+[0m[0m owner_id                                       = (known after apply)
      [32m+[0m[0m private_dns_hostname_type_on_launch            = (known after apply)
      [32m+[0m[0m tags_all                                       = (known after apply)
      [32m+[0m[0m vpc_id                                         = (known after apply)
    }

[1m  # module.vpc.aws_subnet.Project_public_subnet[0m will be created
[0m  [32m+[0m[0m resource "aws_subnet" "Project_public_subnet" {
      [32m+[0m[0m arn                                            = (known after apply)
      [32m+[0m[0m assign_ipv6_address_on_creation                = false
      [32m+[0m[0m availability_zone                              = "us-west-2a"
      [32m+[0m[0m availability_zone_id                           = (known after apply)
      [32m+[0m[0m cidr_block                                     = "10.0.1.0/24"
      [32m+[0m[0m enable_dns64                                   = false
      [32m+[0m[0m enable_resource_name_dns_a_record_on_launch    = false
      [32m+[0m[0m enable_resource_name_dns_aaaa_record_on_launch = false
      [32m+[0m[0m id                                             = (known after apply)
      [32m+[0m[0m ipv6_cidr_block_association_id                 = (known after apply)
      [32m+[0m[0m ipv6_native                                    = false
      [32m+[0m[0m map_public_ip_on_launch                        = true
      [32m+[0m[0m owner_id                                       = (known after apply)
      [32m+[0m[0m private_dns_hostname_type_on_launch            = (known after apply)
      [32m+[0m[0m tags_all                                       = (known after apply)
      [32m+[0m[0m vpc_id                                         = (known after apply)
    }

[1m  # module.vpc.aws_vpc.ProjectVPC[0m will be created
[0m  [32m+[0m[0m resource "aws_vpc" "ProjectVPC" {
      [32m+[0m[0m arn                                  = (known after apply)
      [32m+[0m[0m cidr_block                           = "10.0.0.0/16"
      [32m+[0m[0m default_network_acl_id               = (known after apply)
      [32m+[0m[0m default_route_table_id               = (known after apply)
      [32m+[0m[0m default_security_group_id            = (known after apply)
      [32m+[0m[0m dhcp_options_id                      = (known after apply)
      [32m+[0m[0m enable_dns_hostnames                 = (known after apply)
      [32m+[0m[0m enable_dns_support                   = true
      [32m+[0m[0m enable_network_address_usage_metrics = (known after apply)
      [32m+[0m[0m id                                   = (known after apply)
      [32m+[0m[0m instance_tenancy                     = "default"
      [32m+[0m[0m ipv6_association_id                  = (known after apply)
      [32m+[0m[0m ipv6_cidr_block                      = (known after apply)
      [32m+[0m[0m ipv6_cidr_block_network_border_group = (known after apply)
      [32m+[0m[0m main_route_table_id                  = (known after apply)
      [32m+[0m[0m owner_id                             = (known after apply)
      [32m+[0m[0m tags                                 = {
          [32m+[0m[0m "Name" = "Sudarshan-VPC"
        }
      [32m+[0m[0m tags_all                             = {
          [32m+[0m[0m "Name" = "Sudarshan-VPC"
        }
    }

[1mPlan:[0m 25 to add, 0 to change, 0 to destroy.
[0m
Changes to Outputs:
  [32m+[0m[0m ec2_instance_ids        = (known after apply)
  [32m+[0m[0m ec2_public_ips          = (known after apply)
  [32m+[0m[0m private_subnet_ids      = [
      [32m+[0m[0m (known after apply),
      [32m+[0m[0m (known after apply),
    ]
  [32m+[0m[0m public_subnet_ids       = (known after apply)
  [32m+[0m[0m rds_endpoint            = (known after apply)
  [32m+[0m[0m rds_instance_id         = (known after apply)
  [32m+[0m[0m s3_bucket_name          = "sudarshan-webapp-prod-s3-bucket"
  [32m+[0m[0m vpc_id                  = (known after apply)
  [32m+[0m[0m webserver_eip_public_ip = (known after apply)
[0m[1m
Do you want to perform these actions in workspace "prod"?[0m
  Terraform will perform the actions described above.
  Only 'yes' will be accepted to approve.

  [1mEnter a value:[0m [0m
[0m[1mmodule.s3.aws_iam_instance_profile.ec2_instance_profile: Creating...[0m[0m
[0m[1mmodule.iam.aws_iam_role.role: Creating...[0m[0m
[0m[1mmodule.vpc.aws_vpc.ProjectVPC: Creating...[0m[0m
[0m[1mmodule.rds.aws_db_instance.default: Creating...[0m[0m
[0m[1mmodule.s3.aws_s3_bucket.S3_webapp_bucket: Creating...[0m[0m
[0m[1mmodule.s3.aws_iam_instance_profile.ec2_instance_profile: Creation complete after 2s [id=prod_ec2_instance_profile][0m
[0m[1mmodule.iam.aws_iam_role.role: Creation complete after 2s [id=ec2-s3-rds-role][0m
[0m[1mmodule.iam.aws_iam_role_policy_attachment.rds_role_policy: Creating...[0m[0m
[0m[1mmodule.iam.aws_iam_role_policy_attachment.ec2_role_policy: Creating...[0m[0m
[0m[1mmodule.iam.aws_iam_role_policy_attachment.s3_role_policy: Creating...[0m[0m
[0m[1mmodule.iam.aws_iam_instance_profile.ec2_instance_profile: Creating...[0m[0m
[0m[1mmodule.iam.aws_iam_role_policy_attachment.rds_role_policy: Creation complete after 1s [id=ec2-s3-rds-role-20240824122002766200000002][0m
[0m[1mmodule.iam.aws_iam_role_policy_attachment.s3_role_policy: Creation complete after 2s [id=ec2-s3-rds-role-20240824122002843800000003][0m
[0m[1mmodule.iam.aws_iam_role_policy_attachment.ec2_role_policy: Creation complete after 2s [id=ec2-s3-rds-role-20240824122003189600000004][0m
[0m[1mmodule.iam.aws_iam_instance_profile.ec2_instance_profile: Creation complete after 3s [id=ec2-s3-rds-profile][0m
[0m[1mmodule.vpc.aws_vpc.ProjectVPC: Creation complete after 6s [id=vpc-06c7e5ae0119b0dbf][0m
[0m[1mmodule.vpc.aws_internet_gateway.Project_igw: Creating...[0m[0m
[0m[1mmodule.vpc.aws_route_table.Project_private_rt: Creating...[0m[0m
[0m[1mmodule.vpc.aws_subnet.Project_private_subnet1: Creating...[0m[0m
[0m[1mmodule.vpc.aws_subnet.Project_public_subnet: Creating...[0m[0m
[0m[1mmodule.vpc.aws_subnet.Project_private_subnet2: Creating...[0m[0m
[0m[1mmodule.vpc.aws_security_group.ec2_sg_ssh: Creating...[0m[0m
[0m[1mmodule.vpc.aws_route_table.Project_private_rt: Creation complete after 2s [id=rtb-0c70449b93a320c1c][0m
[0m[1mmodule.vpc.aws_internet_gateway.Project_igw: Creation complete after 2s [id=igw-0e787783e5528fae3][0m
[0m[1mmodule.vpc.aws_route_table.Project_public_rt: Creating...[0m[0m
[0m[1mmodule.vpc.aws_subnet.Project_private_subnet1: Creation complete after 3s [id=subnet-05566438973b6aeeb][0m
[0m[1mmodule.vpc.aws_route_table_association.Project_private_rt_assoc1: Creating...[0m[0m
[0m[1mmodule.vpc.aws_subnet.Project_private_subnet2: Creation complete after 3s [id=subnet-03a6c24ae76adb752][0m
[0m[1mmodule.vpc.aws_route_table_association.Project_private_rt_assoc2: Creating...[0m[0m
[0m[1mmodule.vpc.aws_db_subnet_group.Project_db_subnet: Creating...[0m[0m
[0m[1mmodule.s3.aws_s3_bucket.S3_webapp_bucket: Creation complete after 9s [id=sudarshan-webapp-prod-s3-bucket][0m
[0m[1mmodule.s3.aws_s3_bucket_policy.s3_policy: Creating...[0m[0m
[0m[1mmodule.vpc.aws_route_table_association.Project_private_rt_assoc1: Creation complete after 1s [id=rtbassoc-0848b925744ae1647][0m
[0m[1mmodule.vpc.aws_route_table_association.Project_private_rt_assoc2: Creation complete after 1s [id=rtbassoc-05ded9311515a678a][0m
[0m[1mmodule.rds.aws_db_instance.default: Still creating... [10s elapsed][0m[0m
[0m[1mmodule.s3.aws_s3_bucket_policy.s3_policy: Creation complete after 1s [id=sudarshan-webapp-prod-s3-bucket][0m
[0m[1mmodule.vpc.aws_db_subnet_group.Project_db_subnet: Creation complete after 1s [id=sudarsahan-db-subnet][0m
[0m[1mmodule.vpc.aws_route_table.Project_public_rt: Creation complete after 3s [id=rtb-061a84e9a5b07b246][0m
[0m[1mmodule.vpc.aws_security_group.ec2_sg_ssh: Creation complete after 6s [id=sg-0531d94b9791b6a79][0m
[0m[1mmodule.vpc.aws_security_group.rds_sg: Creating...[0m[0m
[0m[1mmodule.vpc.aws_subnet.Project_public_subnet: Still creating... [10s elapsed][0m[0m
[0m[1mmodule.vpc.aws_security_group.rds_sg: Creation complete after 4s [id=sg-0fd7b3e17be4898f9][0m
[0m[1mmodule.vpc.aws_subnet.Project_public_subnet: Creation complete after 13s [id=subnet-06b684aa78a5d7545][0m
[0m[1mmodule.vpc.aws_route_table_association.Project_public_rt_assoc: Creating...[0m[0m
[0m[1mmodule.ec2.aws_instance.webserver: Creating...[0m[0m
[0m[1mmodule.rds.aws_db_instance.default: Still creating... [20s elapsed][0m[0m
[0m[1mmodule.vpc.aws_route_table_association.Project_public_rt_assoc: Creation complete after 1s [id=rtbassoc-08d08ab9b93f99621][0m
[0m[1mmodule.ec2.aws_instance.webserver: Still creating... [10s elapsed][0m[0m
[0m[1mmodule.rds.aws_db_instance.default: Still creating... [30s elapsed][0m[0m
[0m[1mmodule.ec2.aws_instance.webserver: Still creating... [20s elapsed][0m[0m
[0m[1mmodule.rds.aws_db_instance.default: Still creating... [40s elapsed][0m[0m
[0m[1mmodule.ec2.aws_instance.webserver: Still creating... [30s elapsed][0m[0m
[0m[1mmodule.rds.aws_db_instance.default: Still creating... [50s elapsed][0m[0m
[0m[1mmodule.ec2.aws_instance.webserver: Provisioning with 'remote-exec'...[0m[0m
[0m[1mmodule.ec2.aws_instance.webserver (remote-exec):[0m [0mConnecting to remote host via SSH...
[0m[1mmodule.ec2.aws_instance.webserver (remote-exec):[0m [0m  Host: 34.219.13.74
[0m[1mmodule.ec2.aws_instance.webserver (remote-exec):[0m [0m  User: ubuntu
[0m[1mmodule.ec2.aws_instance.webserver (remote-exec):[0m [0m  Password: false
[0m[1mmodule.ec2.aws_instance.webserver (remote-exec):[0m [0m  Private key: true
[0m[1mmodule.ec2.aws_instance.webserver (remote-exec):[0m [0m  Certificate: false
[0m[1mmodule.ec2.aws_instance.webserver (remote-exec):[0m [0m  SSH Agent: true
[0m[1mmodule.ec2.aws_instance.webserver (remote-exec):[0m [0m  Checking Host Key: false
[0m[1mmodule.ec2.aws_instance.webserver (remote-exec):[0m [0m  Target Platform: unix
[0m[1mmodule.ec2.aws_instance.webserver: Still creating... [40s elapsed][0m[0m
[0m[1mmodule.rds.aws_db_instance.default: Still creating... [1m0s elapsed][0m[0m
[0m[1mmodule.ec2.aws_instance.webserver (remote-exec):[0m [0mConnecting to remote host via SSH...
[0m[1mmodule.ec2.aws_instance.webserver (remote-exec):[0m [0m  Host: 34.219.13.74
[0m[1mmodule.ec2.aws_instance.webserver (remote-exec):[0m [0m  User: ubuntu
[0m[1mmodule.ec2.aws_instance.webserver (remote-exec):[0m [0m  Password: false
[0m[1mmodule.ec2.aws_instance.webserver (remote-exec):[0m [0m  Private key: true
[0m[1mmodule.ec2.aws_instance.webserver (remote-exec):[0m [0m  Certificate: false
[0m[1mmodule.ec2.aws_instance.webserver (remote-exec):[0m [0m  SSH Agent: true
[0m[1mmodule.ec2.aws_instance.webserver (remote-exec):[0m [0m  Checking Host Key: false
[0m[1mmodule.ec2.aws_instance.webserver (remote-exec):[0m [0m  Target Platform: unix
[0m[1mmodule.ec2.aws_instance.webserver (remote-exec):[0m [0mConnecting to remote host via SSH...
[0m[1mmodule.ec2.aws_instance.webserver (remote-exec):[0m [0m  Host: 34.219.13.74
[0m[1mmodule.ec2.aws_instance.webserver (remote-exec):[0m [0m  User: ubuntu
[0m[1mmodule.ec2.aws_instance.webserver (remote-exec):[0m [0m  Password: false
[0m[1mmodule.ec2.aws_instance.webserver (remote-exec):[0m [0m  Private key: true
[0m[1mmodule.ec2.aws_instance.webserver (remote-exec):[0m [0m  Certificate: false
[0m[1mmodule.ec2.aws_instance.webserver (remote-exec):[0m [0m  SSH Agent: true
[0m[1mmodule.ec2.aws_instance.webserver (remote-exec):[0m [0m  Checking Host Key: false
[0m[1mmodule.ec2.aws_instance.webserver (remote-exec):[0m [0m  Target Platform: unix
[0m[1mmodule.ec2.aws_instance.webserver: Still creating... [50s elapsed][0m[0m
[0m[1mmodule.rds.aws_db_instance.default: Still creating... [1m10s elapsed][0m[0m
[0m[1mmodule.ec2.aws_instance.webserver (remote-exec):[0m [0mConnected!
[0m[1mmodule.ec2.aws_instance.webserver (remote-exec):[0m [0m0% [Working]
[0m[1mmodule.ec2.aws_instance.webserver (remote-exec):[0m [0mHit:1 http://us-west-2.ec2.archive.ubuntu.com/ubuntu noble InRelease
[0m[1mmodule.ec2.aws_instance.webserver (remote-exec):[0m [0m0% [Connecting to security.ubuntu.com]
[0m[1mmodule.ec2.aws_instance.webserver (remote-exec):[0m [0mGet:2 http://us-west-2.ec2.archive.ubuntu.com/ubuntu noble-updates InRelease [126 kB]
[0m[1mmodule.ec2.aws_instance.webserver (remote-exec):[0m [0mGet:3 http://us-west-2.ec2.archive.ubuntu.com/ubuntu noble-backports InRelease [126 kB]
[0m[1mmodule.ec2.aws_instance.webserver (remote-exec):[0m [0m0% [Connecting to security.ubuntu.com (
[0m[1mmodule.ec2.aws_instance.webserver (remote-exec):[0m [0m0% [Waiting for headers]
[0m[1mmodule.ec2.aws_instance.webserver (remote-exec):[0m [0mGet:4 http://us-west-2.ec2.archive.ubuntu.com/ubuntu noble/universe amd64 Packages [15.0 MB]
[0m[1mmodule.ec2.aws_instance.webserver (remote-exec):[0m [0m0% [4 Packages 131 kB/15.0 MB 1%] [Wait
[0m[1mmodule.ec2.aws_instance.webserver (remote-exec):[0m [0mGet:5 http://security.ubuntu.com/ubuntu noble-security InRelease [126 kB]
[0m[1mmodule.ec2.aws_instance.webserver: Still creating... [1m0s elapsed][0m[0m
[0m[1mmodule.ec2.aws_instance.webserver (remote-exec):[0m [0m0% [4 Packages 3023 kB/15.0 MB 20%] [5
[0m[1mmodule.ec2.aws_instance.webserver (remote-exec):[0m [0m0% [4 Packages 6235 kB/15.0 MB 41%] [5
[0m[1mmodule.ec2.aws_instance.webserver (remote-exec):[0m [0m0% [4 Packages 12.6 MB/15.0 MB 84%] [5
[0m[1mmodule.ec2.aws_instance.webserver (remote-exec):[0m [0m0% [5 InRelease 95.3 kB/126 kB 76%]
[0m[1mmodule.ec2.aws_instance.webserver (remote-exec):[0m [0m0% [4 Packages store 0 B] [Waiting for
[0m[1mmodule.rds.aws_db_instance.default: Still creating... [1m20s elapsed][0m[0m
[0m[1mmodule.ec2.aws_instance.webserver (remote-exec):[0m [0mGet:6 http://us-west-2.ec2.archive.ubuntu.com/ubuntu noble/universe Translation-en [5982 kB]
[0m[1mmodule.ec2.aws_instance.webserver (remote-exec):[0m [0m0% [4 Packages store 0 B] [6 Translatio
[0m[1mmodule.ec2.aws_instance.webserver (remote-exec):[0m [0m0% [4 Packages store 0 B] [6 Translatio
[0m[1mmodule.ec2.aws_instance.webserver (remote-exec):[0m [0mGet:7 http://us-west-2.ec2.archive.ubuntu.com/ubuntu noble/universe amd64 Components [3871 kB]
[0m[1mmodule.ec2.aws_instance.webserver (remote-exec):[0m [0m0% [4 Packages store 0 B] [7 Components
[0m[1mmodule.ec2.aws_instance.webserver (remote-exec):[0m [0m76% [4 Packages store 0 B] [7 Component
[0m[1mmodule.ec2.aws_instance.webserver (remote-exec):[0m [0mGet:8 http://us-west-2.ec2.archive.ubuntu.com/ubuntu noble/universe amd64 c-n-f Metadata [301 kB]
[0m[1mmodule.ec2.aws_instance.webserver (remote-exec):[0m [0m83% [4 Packages store 0 B] [8 Commands-
[0m[1mmodule.ec2.aws_instance.webserver (remote-exec):[0m [0m84% [4 Packages store 0 B] [Waiting for
[0m[1mmodule.ec2.aws_instance.webserver (remote-exec):[0m [0mGet:9 http://us-west-2.ec2.archive.ubuntu.com/ubuntu noble/multiverse amd64 Packages [269 kB]
[0m[1mmodule.ec2.aws_instance.webserver (remote-exec):[0m [0m84% [4 Packages store 0 B] [9 Packages
[0m[1mmodule.ec2.aws_instance.webserver (remote-exec):[0m [0m85% [4 Packages store 0 B] [Waiting for
[0m[1mmodule.ec2.aws_instance.webserver (remote-exec):[0m [0mGet:10 http://us-west-2.ec2.archive.ubuntu.com/ubuntu noble/multiverse Translation-en [118 kB]
[0m[1mmodule.ec2.aws_instance.webserver (remote-exec):[0m [0m85% [4 Packages store 0 B] [10 Translat
[0m[1mmodule.ec2.aws_instance.webserver (remote-exec):[0m [0m85% [4 Packages store 0 B] [Waiting for
[0m[1mmodule.ec2.aws_instance.webserver (remote-exec):[0m [0mGet:11 http://us-west-2.ec2.archive.ubuntu.com/ubuntu noble/multiverse amd64 Components [35.0 kB]
[0m[1mmodule.ec2.aws_instance.webserver (remote-exec):[0m [0mGet:12 http://us-west-2.ec2.archive.ubuntu.com/ubuntu noble/multiverse amd64 c-n-f Metadata [8328 B]
[0m[1mmodule.ec2.aws_instance.webserver (remote-exec):[0m [0mGet:13 http://us-west-2.ec2.archive.ubuntu.com/ubuntu noble-updates/main amd64 Packages [463 kB]
[0m[1mmodule.ec2.aws_instance.webserver (remote-exec):[0m [0m85% [4 Packages store 0 B] [13 Packages
[0m[1mmodule.ec2.aws_instance.webserver (remote-exec):[0m [0m86% [4 Packages store 0 B] [Waiting for
[0m[1mmodule.ec2.aws_instance.webserver (remote-exec):[0m [0mGet:14 http://us-west-2.ec2.archive.ubuntu.com/ubuntu noble-updates/main Translation-en [114 kB]
[0m[1mmodule.ec2.aws_instance.webserver (remote-exec):[0m [0m86% [4 Packages store 0 B] [14 Translat
[0m[1mmodule.ec2.aws_instance.webserver (remote-exec):[0m [0mGet:15 http://us-west-2.ec2.archive.ubuntu.com/ubuntu noble-updates/main amd64 c-n-f Metadata [7192 B]
[0m[1mmodule.ec2.aws_instance.webserver (remote-exec):[0m [0mGet:16 http://us-west-2.ec2.archive.ubuntu.com/ubuntu noble-updates/universe amd64 Packages [337 kB]
[0m[1mmodule.ec2.aws_instance.webserver (remote-exec):[0m [0m87% [4 Packages store 0 B] [16 Packages
[0m[1mmodule.ec2.aws_instance.webserver (remote-exec):[0m [0m88% [4 Packages store 0 B] [Waiting for
[0m[1mmodule.ec2.aws_instance.webserver (remote-exec):[0m [0mGet:17 http://us-west-2.ec2.archive.ubuntu.com/ubuntu noble-updates/universe Translation-en [142 kB]
[0m[1mmodule.ec2.aws_instance.webserver (remote-exec):[0m [0m88% [4 Packages store 0 B] [17 Translat
[0m[1mmodule.ec2.aws_instance.webserver (remote-exec):[0m [0mGet:18 http://us-west-2.ec2.archive.ubuntu.com/ubuntu noble-updates/universe amd64 Components [45.0 kB]
[0m[1mmodule.ec2.aws_instance.webserver (remote-exec):[0m [0mGet:19 http://us-west-2.ec2.archive.ubuntu.com/ubuntu noble-updates/universe amd64 c-n-f Metadata [13.6 kB]
[0m[1mmodule.ec2.aws_instance.webserver (remote-exec):[0m [0mGet:20 http://us-west-2.ec2.archive.ubuntu.com/ubuntu noble-updates/restricted amd64 Packages [280 kB]
[0m[1mmodule.ec2.aws_instance.webserver (remote-exec):[0m [0m88% [4 Packages store 0 B] [20 Packages
[0m[1mmodule.ec2.aws_instance.webserver (remote-exec):[0m [0mGet:21 http://us-west-2.ec2.archive.ubuntu.com/ubuntu noble-updates/restricted Translation-en [54.8 kB]
[0m[1mmodule.ec2.aws_instance.webserver (remote-exec):[0m [0m89% [4 Packages store 0 B] [Waiting for
[0m[1mmodule.ec2.aws_instance.webserver (remote-exec):[0m [0mGet:22 http://us-west-2.ec2.archive.ubuntu.com/ubuntu noble-updates/multiverse amd64 Packages [14.1 kB]
[0m[1mmodule.ec2.aws_instance.webserver (remote-exec):[0m [0mGet:23 http://us-west-2.ec2.archive.ubuntu.com/ubuntu noble-updates/multiverse Translation-en [3608 B]
[0m[1mmodule.ec2.aws_instance.webserver (remote-exec):[0m [0mGet:24 http://us-west-2.ec2.archive.ubuntu.com/ubuntu noble-updates/multiverse amd64 Components [212 B]
[0m[1mmodule.ec2.aws_instance.webserver (remote-exec):[0m [0mGet:25 http://us-west-2.ec2.archive.ubuntu.com/ubuntu noble-updates/multiverse amd64 c-n-f Metadata [532 B]
[0m[1mmodule.ec2.aws_instance.webserver (remote-exec):[0m [0mGet:26 http://us-west-2.ec2.archive.ubuntu.com/ubuntu noble-backports/main amd64 Components [208 B]
[0m[1mmodule.ec2.aws_instance.webserver (remote-exec):[0m [0mGet:27 http://us-west-2.ec2.archive.ubuntu.com/ubuntu noble-backports/main amd64 c-n-f Metadata [112 B]
[0m[1mmodule.ec2.aws_instance.webserver (remote-exec):[0m [0mGet:28 http://us-west-2.ec2.archive.ubuntu.com/ubuntu noble-backports/universe amd64 Packages [10.3 kB]
[0m[1mmodule.ec2.aws_instance.webserver (remote-exec):[0m [0m89% [4 Packages store 0 B] [Waiting for
[0m[1mmodule.ec2.aws_instance.webserver (remote-exec):[0m [0mGet:29 http://us-west-2.ec2.archive.ubuntu.com/ubuntu noble-backports/universe Translation-en [10.5 kB]
[0m[1mmodule.ec2.aws_instance.webserver (remote-exec):[0m [0mGet:30 http://us-west-2.ec2.archive.ubuntu.com/ubuntu noble-backports/universe amd64 Components [17.6 kB]
[0m[1mmodule.ec2.aws_instance.webserver (remote-exec):[0m [0m89% [4 Packages store 0 B] [30 Componen
[0m[1mmodule.ec2.aws_instance.webserver (remote-exec):[0m [0mGet:31 http://us-west-2.ec2.archive.ubuntu.com/ubuntu noble-backports/universe amd64 c-n-f Metadata [1016 B]
[0m[1mmodule.ec2.aws_instance.webserver (remote-exec):[0m [0mGet:32 http://us-west-2.ec2.archive.ubuntu.com/ubuntu noble-backports/restricted amd64 Components [216 B]
[0m[1mmodule.ec2.aws_instance.webserver (remote-exec):[0m [0m89% [4 Packages store 0 B] [Waiting for
[0m[1mmodule.ec2.aws_instance.webserver (remote-exec):[0m [0mGet:33 http://us-west-2.ec2.archive.ubuntu.com/ubuntu noble-backports/restricted amd64 c-n-f Metadata [116 B]
[0m[1mmodule.ec2.aws_instance.webserver (remote-exec):[0m [0m89% [4 Packages store 0 B] [Waiting for
[0m[1mmodule.ec2.aws_instance.webserver (remote-exec):[0m [0mGet:34 http://us-west-2.ec2.archive.ubuntu.com/ubuntu noble-backports/multiverse amd64 Components [212 B]
[0m[1mmodule.ec2.aws_instance.webserver (remote-exec):[0m [0m89% [4 Packages store 0 B] [Waiting for
[0m[1mmodule.ec2.aws_instance.webserver (remote-exec):[0m [0mGet:35 http://us-west-2.ec2.archive.ubuntu.com/ubuntu noble-backports/multiverse amd64 c-n-f Metadata [116 B]
[0m[1mmodule.ec2.aws_instance.webserver (remote-exec):[0m [0m89% [4 Packages store 0 B] [Waiting for
[0m[1mmodule.ec2.aws_instance.webserver (remote-exec):[0m [0mGet:36 http://security.ubuntu.com/ubuntu noble-security/main amd64 Packages [323 kB]
[0m[1mmodule.ec2.aws_instance.webserver (remote-exec):[0m [0m89% [4 Packages store 0 B] [36 Packages
[0m[1mmodule.ec2.aws_instance.webserver (remote-exec):[0m [0m90% [4 Packages store 0 B]
[0m[1mmodule.ec2.aws_instance.webserver (remote-exec):[0m [0mGet:37 http://security.ubuntu.com/ubuntu noble-security/main Translation-en [73.1 kB]
[0m[1mmodule.ec2.aws_instance.webserver (remote-exec):[0m [0m90% [4 Packages store 0 B] [37 Translat
[0m[1mmodule.ec2.aws_instance.webserver (remote-exec):[0m [0mGet:38 http://security.ubuntu.com/ubuntu noble-security/main amd64 c-n-f Metadata [4220 B]
[0m[1mmodule.ec2.aws_instance.webserver (remote-exec):[0m [0m90% [4 Packages store 0 B] [38 Commands
[0m[1mmodule.ec2.aws_instance.webserver (remote-exec):[0m [0mGet:39 http://security.ubuntu.com/ubuntu noble-security/universe amd64 Packages [252 kB]
[0m[1mmodule.ec2.aws_instance.webserver (remote-exec):[0m [0m91% [4 Packages store 0 B] [39 Packages
[0m[1mmodule.ec2.aws_instance.webserver (remote-exec):[0m [0m91% [4 Packages store 0 B]
[0m[1mmodule.ec2.aws_instance.webserver (remote-exec):[0m [0mGet:40 http://security.ubuntu.com/ubuntu noble-security/universe Translation-en [109 kB]
[0m[1mmodule.ec2.aws_instance.webserver (remote-exec):[0m [0m91% [4 Packages store 0 B] [40 Translat
[0m[1mmodule.ec2.aws_instance.webserver (remote-exec):[0m [0m91% [4 Packages store 0 B]
[0m[1mmodule.ec2.aws_instance.webserver (remote-exec):[0m [0mGet:41 http://security.ubuntu.com/ubuntu noble-security/universe amd64 Components [8632 B]
[0m[1mmodule.ec2.aws_instance.webserver (remote-exec):[0m [0m91% [4 Packages store 0 B] [41 Componen
[0m[1mmodule.ec2.aws_instance.webserver (remote-exec):[0m [0mGet:42 http://security.ubuntu.com/ubuntu noble-security/universe amd64 c-n-f Metadata [9756 B]
[0m[1mmodule.ec2.aws_instance.webserver (remote-exec):[0m [0m91% [4 Packages store 0 B] [42 Commands
[0m[1mmodule.ec2.aws_instance.webserver (remote-exec):[0m [0mGet:43 http://security.ubuntu.com/ubuntu noble-security/restricted amd64 Packages [280 kB]
[0m[1mmodule.ec2.aws_instance.webserver (remote-exec):[0m [0m91% [4 Packages store 0 B] [43 Packages
[0m[1mmodule.ec2.aws_instance.webserver (remote-exec):[0m [0mGet:44 http://security.ubuntu.com/ubuntu noble-security/restricted Translation-en [54.8 kB]
[0m[1mmodule.ec2.aws_instance.webserver (remote-exec):[0m [0m92% [4 Packages store 0 B] [44 Translat
[0m[1mmodule.ec2.aws_instance.webserver (remote-exec):[0m [0mGet:45 http://security.ubuntu.com/ubuntu noble-security/multiverse amd64 Packages [10.6 kB]
[0m[1mmodule.ec2.aws_instance.webserver (remote-exec):[0m [0m92% [4 Packages store 0 B] [45 Packages
[0m[1mmodule.ec2.aws_instance.webserver (remote-exec):[0m [0m92% [4 Packages store 0 B]
[0m[1mmodule.ec2.aws_instance.webserver (remote-exec):[0m [0mGet:46 http://security.ubuntu.com/ubuntu noble-security/multiverse Translation-en [2808 B]
[0m[1mmodule.ec2.aws_instance.webserver (remote-exec):[0m [0mGet:47 http://security.ubuntu.com/ubuntu noble-security/multiverse amd64 Components [208 B]
[0m[1mmodule.ec2.aws_instance.webserver (remote-exec):[0m [0m92% [4 Packages store 0 B] [Waiting for
[0m[1mmodule.ec2.aws_instance.webserver (remote-exec):[0m [0mGet:48 http://security.ubuntu.com/ubuntu noble-security/multiverse amd64 c-n-f Metadata [344 B]
[0m[1mmodule.ec2.aws_instance.webserver (remote-exec):[0m [0m92% [4 Packages store 0 B]
[0m[1mmodule.ec2.aws_instance.webserver (remote-exec):[0m [0m92% [4 Packages store 0 B]
[0m[1mmodule.ec2.aws_instance.webserver (remote-exec):[0m [0m92% [4 Packages store 0 B]
[0m[1mmodule.ec2.aws_instance.webserver (remote-exec):[0m [0m93% [Working]
[0m[1mmodule.ec2.aws_instance.webserver (remote-exec):[0m [0m93% [6 Translation-en store 0 B]
[0m[1mmodule.ec2.aws_instance.webserver (remote-exec):[0m [0m93% [6 Translation-en store 0 B]
[0m[1mmodule.ec2.aws_instance.webserver (remote-exec):[0m [0m93% [Working]
[0m[1mmodule.ec2.aws_instance.webserver (remote-exec):[0m [0m93% [7 Components-amd64 store 0 B]
[0m[1mmodule.ec2.aws_instance.webserver (remote-exec):[0m [0m93% [7 Components-amd64 store 0 B]
[0m[1mmodule.ec2.aws_instance.webserver (remote-exec):[0m [0m93% [7 Components-amd64 store 0 B]
[0m[1mmodule.ec2.aws_instance.webserver (remote-exec):[0m [0m93% [Working]
[0m[1mmodule.ec2.aws_instance.webserver (remote-exec):[0m [0m93% [8 Commands-amd64 store 0 B]
[0m[1mmodule.ec2.aws_instance.webserver (remote-exec):[0m [0m93% [Working]
[0m[1mmodule.ec2.aws_instance.webserver (remote-exec):[0m [0m93% [9 Packages store 0 B]
[0m[1mmodule.ec2.aws_instance.webserver (remote-exec):[0m [0m93% [Working]
[0m[1mmodule.ec2.aws_instance.webserver (remote-exec):[0m [0m93% [10 Translation-en store 0 B]
[0m[1mmodule.ec2.aws_instance.webserver (remote-exec):[0m [0m93% [Working]
[0m[1mmodule.ec2.aws_instance.webserver (remote-exec):[0m [0m93% [11 Components-amd64 store 0 B]
[0m[1mmodule.ec2.aws_instance.webserver (remote-exec):[0m [0m94% [Working]
[0m[1mmodule.ec2.aws_instance.webserver (remote-exec):[0m [0m94% [12 Commands-amd64 store 0 B]
[0m[1mmodule.ec2.aws_instance.webserver (remote-exec):[0m [0m94% [Working]
[0m[1mmodule.ec2.aws_instance.webserver (remote-exec):[0m [0m94% [13 Packages store 0 B]
[0m[1mmodule.ec2.aws_instance.webserver (remote-exec):[0m [0m94% [Working]
[0m[1mmodule.ec2.aws_instance.webserver (remote-exec):[0m [0m94% [14 Translation-en store 0 B]
[0m[1mmodule.ec2.aws_instance.webserver (remote-exec):[0m [0m94% [Working]
[0m[1mmodule.ec2.aws_instance.webserver (remote-exec):[0m [0m94% [15 Commands-amd64 store 0 B]
[0m[1mmodule.ec2.aws_instance.webserver (remote-exec):[0m [0m94% [Working]
[0m[1mmodule.ec2.aws_instance.webserver (remote-exec):[0m [0m94% [16 Packages store 0 B]
[0m[1mmodule.ec2.aws_instance.webserver (remote-exec):[0m [0m94% [Working]
[0m[1mmodule.ec2.aws_instance.webserver (remote-exec):[0m [0m94% [17 Translation-en store 0 B]
[0m[1mmodule.ec2.aws_instance.webserver (remote-exec):[0m [0m95% [Working]
[0m[1mmodule.ec2.aws_instance.webserver (remote-exec):[0m [0m95% [18 Components-amd64 store 0 B]
[0m[1mmodule.ec2.aws_instance.webserver (remote-exec):[0m [0m95% [Working]
[0m[1mmodule.ec2.aws_instance.webserver (remote-exec):[0m [0m95% [19 Commands-amd64 store 0 B]
[0m[1mmodule.ec2.aws_instance.webserver (remote-exec):[0m [0m95% [Working]
[0m[1mmodule.ec2.aws_instance.webserver (remote-exec):[0m [0m95% [20 Packages store 0 B]
[0m[1mmodule.ec2.aws_instance.webserver (remote-exec):[0m [0m95% [Working]
[0m[1mmodule.ec2.aws_instance.webserver (remote-exec):[0m [0m95% [21 Translation-en store 0 B]
[0m[1mmodule.ec2.aws_instance.webserver (remote-exec):[0m [0m95% [Working]
[0m[1mmodule.ec2.aws_instance.webserver (remote-exec):[0m [0m95% [22 Packages store 0 B]
[0m[1mmodule.ec2.aws_instance.webserver (remote-exec):[0m [0m96% [Working]
[0m[1mmodule.ec2.aws_instance.webserver (remote-exec):[0m [0m96% [23 Translation-en store 0 B]
[0m[1mmodule.ec2.aws_instance.webserver (remote-exec):[0m [0m96% [Working]
[0m[1mmodule.ec2.aws_instance.webserver (remote-exec):[0m [0m96% [24 Components-amd64 store 0 B]
[0m[1mmodule.ec2.aws_instance.webserver (remote-exec):[0m [0m96% [Working]
[0m[1mmodule.ec2.aws_instance.webserver (remote-exec):[0m [0m96% [Working]
[0m[1mmodule.ec2.aws_instance.webserver (remote-exec):[0m [0m96% [26 Components-amd64 store 0 B]
[0m[1mmodule.ec2.aws_instance.webserver (remote-exec):[0m [0m96% [Working]
[0m[1mmodule.ec2.aws_instance.webserver (remote-exec):[0m [0m96% [27 Commands-amd64 store 0 B]
[0m[1mmodule.ec2.aws_instance.webserver (remote-exec):[0m [0m96% [Working]
[0m[1mmodule.ec2.aws_instance.webserver (remote-exec):[0m [0m96% [28 Packages store 0 B]
[0m[1mmodule.ec2.aws_instance.webserver (remote-exec):[0m [0m97% [Working]
[0m[1mmodule.ec2.aws_instance.webserver (remote-exec):[0m [0m97% [29 Translation-en store 0 B]
[0m[1mmodule.ec2.aws_instance.webserver (remote-exec):[0m [0m97% [Working]
[0m[1mmodule.ec2.aws_instance.webserver (remote-exec):[0m [0m97% [30 Components-amd64 store 0 B]
[0m[1mmodule.ec2.aws_instance.webserver (remote-exec):[0m [0m97% [Working]
[0m[1mmodule.ec2.aws_instance.webserver (remote-exec):[0m [0m97% [31 Commands-amd64 store 0 B]
[0m[1mmodule.ec2.aws_instance.webserver (remote-exec):[0m [0m97% [Working]
[0m[1mmodule.ec2.aws_instance.webserver (remote-exec):[0m [0m97% [Working]
[0m[1mmodule.ec2.aws_instance.webserver (remote-exec):[0m [0m97% [33 Commands-amd64 store 0 B]
[0m[1mmodule.ec2.aws_instance.webserver (remote-exec):[0m [0m97% [Working]
[0m[1mmodule.ec2.aws_instance.webserver (remote-exec):[0m [0m98% [Working]
[0m[1mmodule.ec2.aws_instance.webserver (remote-exec):[0m [0m98% [35 Commands-amd64 store 0 B]
[0m[1mmodule.ec2.aws_instance.webserver (remote-exec):[0m [0m98% [Working]
[0m[1mmodule.ec2.aws_instance.webserver (remote-exec):[0m [0m98% [36 Packages store 0 B]
[0m[1mmodule.ec2.aws_instance.webserver (remote-exec):[0m [0m98% [Working]
[0m[1mmodule.ec2.aws_instance.webserver (remote-exec):[0m [0m98% [37 Translation-en store 0 B]
[0m[1mmodule.ec2.aws_instance.webserver (remote-exec):[0m [0m98% [Working]
[0m[1mmodule.ec2.aws_instance.webserver (remote-exec):[0m [0m98% [38 Commands-amd64 store 0 B]
[0m[1mmodule.ec2.aws_instance.webserver (remote-exec):[0m [0m98% [Working]
[0m[1mmodule.ec2.aws_instance.webserver (remote-exec):[0m [0m98% [39 Packages store 0 B]
[0m[1mmodule.ec2.aws_instance.webserver (remote-exec):[0m [0m98% [Working]
[0m[1mmodule.ec2.aws_instance.webserver (remote-exec):[0m [0m98% [40 Translation-en store 0 B]
[0m[1mmodule.ec2.aws_instance.webserver (remote-exec):[0m [0m99% [Working]
[0m[1mmodule.ec2.aws_instance.webserver (remote-exec):[0m [0m99% [41 Components-amd64 store 0 B]
[0m[1mmodule.ec2.aws_instance.webserver (remote-exec):[0m [0m99% [Working]
[0m[1mmodule.ec2.aws_instance.webserver (remote-exec):[0m [0m99% [42 Commands-amd64 store 0 B]
[0m[1mmodule.ec2.aws_instance.webserver (remote-exec):[0m [0m99% [Working]
[0m[1mmodule.ec2.aws_instance.webserver (remote-exec):[0m [0m99% [43 Packages store 0 B]
[0m[1mmodule.ec2.aws_instance.webserver (remote-exec):[0m [0m99% [Working]
[0m[1mmodule.ec2.aws_instance.webserver (remote-exec):[0m [0m99% [44 Translation-en store 0 B]
[0m[1mmodule.ec2.aws_instance.webserver (remote-exec):[0m [0m99% [Working]
[0m[1mmodule.ec2.aws_instance.webserver (remote-exec):[0m [0m99% [45 Packages store 0 B]
[0m[1mmodule.ec2.aws_instance.webserver (remote-exec):[0m [0m99% [Working]
[0m[1mmodule.ec2.aws_instance.webserver (remote-exec):[0m [0m100% [Working]
[0m[1mmodule.ec2.aws_instance.webserver (remote-exec):[0m [0m100% [47 Components-amd64 store 0 B]
[0m[1mmodule.ec2.aws_instance.webserver (remote-exec):[0m [0m100% [Working]
[0m[1mmodule.ec2.aws_instance.webserver (remote-exec):[0m [0m100% [48 Commands-amd64 store 0 B]
[0m[1mmodule.ec2.aws_instance.webserver (remote-exec):[0m [0m100% [Working]
[0m[1mmodule.ec2.aws_instance.webserver (remote-exec):[0m [0mFetched 28.6 MB in 6s (5184 kB/s)
[0m[1mmodule.ec2.aws_instance.webserver: Still creating... [1m10s elapsed][0m[0m
[0m[1mmodule.rds.aws_db_instance.default: Still creating... [1m30s elapsed][0m[0m
[0m[1mmodule.ec2.aws_instance.webserver (remote-exec):[0m [0mReading package lists... 0%
[0m[1mmodule.ec2.aws_instance.webserver (remote-exec):[0m [0mReading package lists... 0%
[0m[1mmodule.ec2.aws_instance.webserver (remote-exec):[0m [0mReading package lists... 0%
[0m[1mmodule.ec2.aws_instance.webserver (remote-exec):[0m [0mReading package lists... 5%
[0m[1mmodule.ec2.aws_instance.webserver (remote-exec):[0m [0mReading package lists... 5%
[0m[1mmodule.ec2.aws_instance.webserver (remote-exec):[0m [0mReading package lists... 7%
[0m[1mmodule.ec2.aws_instance.webserver (remote-exec):[0m [0mReading package lists... 7%
[0m[1mmodule.ec2.aws_instance.webserver (remote-exec):[0m [0mReading package lists... 61%
[0m[1mmodule.ec2.aws_instance.webserver (remote-exec):[0m [0mReading package lists... 61%
[0m[1mmodule.ec2.aws_instance.webserver (remote-exec):[0m [0mReading package lists... 76%
[0m[1mmodule.ec2.aws_instance.webserver (remote-exec):[0m [0mReading package lists... 85%
[0m[1mmodule.ec2.aws_instance.webserver (remote-exec):[0m [0mReading package lists... 85%
[0m[1mmodule.ec2.aws_instance.webserver (remote-exec):[0m [0mReading package lists... 85%
[0m[1mmodule.ec2.aws_instance.webserver (remote-exec):[0m [0mReading package lists... 85%
[0m[1mmodule.ec2.aws_instance.webserver (remote-exec):[0m [0mReading package lists... 85%
[0m[1mmodule.ec2.aws_instance.webserver (remote-exec):[0m [0mReading package lists... 85%
[0m[1mmodule.ec2.aws_instance.webserver (remote-exec):[0m [0mReading package lists... 86%
[0m[1mmodule.ec2.aws_instance.webserver (remote-exec):[0m [0mReading package lists... 86%
[0m[1mmodule.ec2.aws_instance.webserver (remote-exec):[0m [0mReading package lists... 87%
[0m[1mmodule.ec2.aws_instance.webserver (remote-exec):[0m [0mReading package lists... 87%
[0m[1mmodule.ec2.aws_instance.webserver (remote-exec):[0m [0mReading package lists... 89%
[0m[1mmodule.ec2.aws_instance.webserver (remote-exec):[0m [0mReading package lists... 89%
[0m[1mmodule.ec2.aws_instance.webserver (remote-exec):[0m [0mReading package lists... 90%
[0m[1mmodule.ec2.aws_instance.webserver (remote-exec):[0m [0mReading package lists... 90%
[0m[1mmodule.ec2.aws_instance.webserver (remote-exec):[0m [0mReading package lists... 91%
[0m[1mmodule.ec2.aws_instance.webserver (remote-exec):[0m [0mReading package lists... 91%
[0m[1mmodule.ec2.aws_instance.webserver (remote-exec):[0m [0mReading package lists... 91%
[0m[1mmodule.ec2.aws_instance.webserver (remote-exec):[0m [0mReading package lists... 91%
[0m[1mmodule.ec2.aws_instance.webserver (remote-exec):[0m [0mReading package lists... 93%
[0m[1mmodule.ec2.aws_instance.webserver (remote-exec):[0m [0mReading package lists... 93%
[0m[1mmodule.ec2.aws_instance.webserver (remote-exec):[0m [0mReading package lists... 93%
[0m[1mmodule.ec2.aws_instance.webserver (remote-exec):[0m [0mReading package lists... 93%
[0m[1mmodule.ec2.aws_instance.webserver (remote-exec):[0m [0mReading package lists... 94%
[0m[1mmodule.ec2.aws_instance.webserver (remote-exec):[0m [0mReading package lists... 94%
[0m[1mmodule.ec2.aws_instance.webserver (remote-exec):[0m [0mReading package lists... 94%
[0m[1mmodule.ec2.aws_instance.webserver (remote-exec):[0m [0mReading package lists... 94%
[0m[1mmodule.ec2.aws_instance.webserver (remote-exec):[0m [0mReading package lists... 94%
[0m[1mmodule.ec2.aws_instance.webserver (remote-exec):[0m [0mReading package lists... 94%
[0m[1mmodule.ec2.aws_instance.webserver (remote-exec):[0m [0mReading package lists... 94%
[0m[1mmodule.ec2.aws_instance.webserver (remote-exec):[0m [0mReading package lists... 94%
[0m[1mmodule.ec2.aws_instance.webserver (remote-exec):[0m [0mReading package lists... 95%
[0m[1mmodule.ec2.aws_instance.webserver (remote-exec):[0m [0mReading package lists... 95%
[0m[1mmodule.ec2.aws_instance.webserver (remote-exec):[0m [0mReading package lists... 96%
[0m[1mmodule.ec2.aws_instance.webserver (remote-exec):[0m [0mReading package lists... 96%
[0m[1mmodule.ec2.aws_instance.webserver (remote-exec):[0m [0mReading package lists... 97%
[0m[1mmodule.ec2.aws_instance.webserver (remote-exec):[0m [0mReading package lists... 97%
[0m[1mmodule.ec2.aws_instance.webserver (remote-exec):[0m [0mReading package lists... 97%
[0m[1mmodule.ec2.aws_instance.webserver (remote-exec):[0m [0mReading package lists... 97%
[0m[1mmodule.ec2.aws_instance.webserver (remote-exec):[0m [0mReading package lists... 98%
[0m[1mmodule.ec2.aws_instance.webserver (remote-exec):[0m [0mReading package lists... 98%
[0m[1mmodule.ec2.aws_instance.webserver (remote-exec):[0m [0mReading package lists... 99%
[0m[1mmodule.ec2.aws_instance.webserver (remote-exec):[0m [0mReading package lists... 99%
[0m[1mmodule.ec2.aws_instance.webserver (remote-exec):[0m [0mReading package lists... 99%
[0m[1mmodule.ec2.aws_instance.webserver (remote-exec):[0m [0mReading package lists... 99%
[0m[1mmodule.ec2.aws_instance.webserver (remote-exec):[0m [0mReading package lists... 99%
[0m[1mmodule.ec2.aws_instance.webserver (remote-exec):[0m [0mReading package lists... 99%
[0m[1mmodule.ec2.aws_instance.webserver (remote-exec):[0m [0mReading package lists... Done
[0m[1mmodule.ec2.aws_instance.webserver (remote-exec):[0m [0mReading package lists... 0%
[0m[1mmodule.ec2.aws_instance.webserver (remote-exec):[0m [0mReading package lists... 100%
[0m[1mmodule.ec2.aws_instance.webserver (remote-exec):[0m [0mReading package lists... Done
[0m[1mmodule.ec2.aws_instance.webserver (remote-exec):[0m [0mBuilding dependency tree... 0%
[0m[1mmodule.ec2.aws_instance.webserver (remote-exec):[0m [0mBuilding dependency tree... 0%
[0m[1mmodule.ec2.aws_instance.webserver (remote-exec):[0m [0mBuilding dependency tree... 50%
[0m[1mmodule.ec2.aws_instance.webserver (remote-exec):[0m [0mBuilding dependency tree... 50%
[0m[1mmodule.ec2.aws_instance.webserver (remote-exec):[0m [0mBuilding dependency tree... Done
[0m[1mmodule.ec2.aws_instance.webserver (remote-exec):[0m [0mReading state information... 0%
[0m[1mmodule.ec2.aws_instance.webserver (remote-exec):[0m [0mReading state information... 0%
[0m[1mmodule.ec2.aws_instance.webserver (remote-exec):[0m [0mReading state information... Done
[0m[1mmodule.ec2.aws_instance.webserver (remote-exec):[0m [0mThe following additional packages will be installed:
[0m[1mmodule.ec2.aws_instance.webserver (remote-exec):[0m [0m  apache2-bin apache2-data
[0m[1mmodule.ec2.aws_instance.webserver (remote-exec):[0m [0m  apache2-utils libapr1t64
[0m[1mmodule.ec2.aws_instance.webserver (remote-exec):[0m [0m  libaprutil1-dbd-sqlite3
[0m[1mmodule.ec2.aws_instance.webserver (remote-exec):[0m [0m  libaprutil1-ldap libaprutil1t64
[0m[1mmodule.ec2.aws_instance.webserver (remote-exec):[0m [0m  liblua5.4-0 ssl-cert
[0m[1mmodule.ec2.aws_instance.webserver (remote-exec):[0m [0mSuggested packages:
[0m[1mmodule.ec2.aws_instance.webserver (remote-exec):[0m [0m  apache2-doc apache2-suexec-pristine
[0m[1mmodule.ec2.aws_instance.webserver (remote-exec):[0m [0m  | apache2-suexec-custom www-browser
[0m[1mmodule.ec2.aws_instance.webserver (remote-exec):[0m [0mThe following NEW packages will be installed:
[0m[1mmodule.ec2.aws_instance.webserver (remote-exec):[0m [0m  apache2 apache2-bin apache2-data
[0m[1mmodule.ec2.aws_instance.webserver (remote-exec):[0m [0m  apache2-utils libapr1t64
[0m[1mmodule.ec2.aws_instance.webserver (remote-exec):[0m [0m  libaprutil1-dbd-sqlite3
[0m[1mmodule.ec2.aws_instance.webserver (remote-exec):[0m [0m  libaprutil1-ldap libaprutil1t64
[0m[1mmodule.ec2.aws_instance.webserver (remote-exec):[0m [0m  liblua5.4-0 ssl-cert
[0m[1mmodule.ec2.aws_instance.webserver (remote-exec):[0m [0m0 upgraded, 10 newly installed, 0 to remove and 86 not upgraded.
[0m[1mmodule.ec2.aws_instance.webserver (remote-exec):[0m [0mNeed to get 2083 kB of archives.
[0m[1mmodule.ec2.aws_instance.webserver (remote-exec):[0m [0mAfter this operation, 8094 kB of additional disk space will be used.
[0m[1mmodule.ec2.aws_instance.webserver (remote-exec):[0m [0m0% [Working]
[0m[1mmodule.ec2.aws_instance.webserver (remote-exec):[0m [0mGet:1 http://us-west-2.ec2.archive.ubuntu.com/ubuntu noble/main amd64 libapr1t64 amd64 1.7.2-3.1build2 [107 kB]
[0m[1mmodule.ec2.aws_instance.webserver (remote-exec):[0m [0m0% [1 libapr1t64 0 B/107 kB 0%]
[0m[1mmodule.ec2.aws_instance.webserver (remote-exec):[0m [0m6% [Working]
[0m[1mmodule.ec2.aws_instance.webserver (remote-exec):[0m [0mGet:2 http://us-west-2.ec2.archive.ubuntu.com/ubuntu noble/main amd64 libaprutil1t64 amd64 1.6.3-1.1ubuntu7 [91.9 kB]
[0m[1mmodule.ec2.aws_instance.webserver (remote-exec):[0m [0m6% [2 libaprutil1t64 0 B/91.9 kB 0%]
[0m[1mmodule.ec2.aws_instance.webserver (remote-exec):[0m [0m12% [Working]
[0m[1mmodule.ec2.aws_instance.webserver (remote-exec):[0m [0mGet:3 http://us-west-2.ec2.archive.ubuntu.com/ubuntu noble/main amd64 libaprutil1-dbd-sqlite3 amd64 1.6.3-1.1ubuntu7 [11.2 kB]
[0m[1mmodule.ec2.aws_instance.webserver (remote-exec):[0m [0m12% [3 libaprutil1-dbd-sqlite3 0 B/11.2
[0m[1mmodule.ec2.aws_instance.webserver (remote-exec):[0m [0m14% [Waiting for headers]
[0m[1mmodule.ec2.aws_instance.webserver (remote-exec):[0m [0mGet:4 http://us-west-2.ec2.archive.ubuntu.com/ubuntu noble/main amd64 libaprutil1-ldap amd64 1.6.3-1.1ubuntu7 [9116 B]
[0m[1mmodule.ec2.aws_instance.webserver (remote-exec):[0m [0m14% [4 libaprutil1-ldap 9116 B/9116 B 1
[0m[1mmodule.ec2.aws_instance.webserver (remote-exec):[0m [0m16% [Waiting for headers]
[0m[1mmodule.ec2.aws_instance.webserver (remote-exec):[0m [0mGet:5 http://us-west-2.ec2.archive.ubuntu.com/ubuntu noble/main amd64 liblua5.4-0 amd64 5.4.6-3build2 [166 kB]
[0m[1mmodule.ec2.aws_instance.webserver (remote-exec):[0m [0m17% [5 liblua5.4-0 26.1 kB/166 kB 16%]
[0m[1mmodule.ec2.aws_instance.webserver (remote-exec):[0m [0m25% [Waiting for headers]
[0m[1mmodule.ec2.aws_instance.webserver (remote-exec):[0m [0mGet:6 http://us-west-2.ec2.archive.ubuntu.com/ubuntu noble-updates/main amd64 apache2-bin amd64 2.4.58-1ubuntu8.4 [1329 kB]

[0m[1mmodule.ec2.aws_instance.webserver (remote-exec):[0m [0m26% [6 apache2-bin 24.7 kB/1329 kB 2%]
[0m[1mmodule.ec2.aws_instance.webserver (remote-exec):[0m [0mGet:7 http://us-west-2.ec2.archive.ubuntu.com/ubuntu noble-updates/main amd64 apache2-data all 2.4.58-1ubuntu8.4 [163 kB]
[0m[1mmodule.ec2.aws_instance.webserver (remote-exec):[0m [0m79% [7 apache2-data 37.1 kB/163 kB 23%]
[0m[1mmodule.ec2.aws_instance.webserver (remote-exec):[0m [0m86% [Working]
[0m[1mmodule.ec2.aws_instance.webserver (remote-exec):[0m [0mGet:8 http://us-west-2.ec2.archive.ubuntu.com/ubuntu noble-updates/main amd64 apache2-utils amd64 2.4.58-1ubuntu8.4 [97.1 kB]
[0m[1mmodule.ec2.aws_instance.webserver (remote-exec):[0m [0m86% [8 apache2-utils 0 B/97.1 kB 0%]
[0m[1mmodule.ec2.aws_instance.webserver (remote-exec):[0m [0m92% [Working]
[0m[1mmodule.ec2.aws_instance.webserver (remote-exec):[0m [0mGet:9 http://us-west-2.ec2.archive.ubuntu.com/ubuntu noble-updates/main amd64 apache2 amd64 2.4.58-1ubuntu8.4 [90.2 kB]
[0m[1mmodule.ec2.aws_instance.webserver (remote-exec):[0m [0m95% [9 apache2 90.2 kB/90.2 kB 100%]
[0m[1mmodule.ec2.aws_instance.webserver (remote-exec):[0m [0m97% [Working]
[0m[1mmodule.ec2.aws_instance.webserver (remote-exec):[0m [0mGet:10 http://us-west-2.ec2.archive.ubuntu.com/ubuntu noble/main amd64 ssl-cert all 1.1.2ubuntu1 [17.8 kB]
[0m[1mmodule.ec2.aws_instance.webserver (remote-exec):[0m [0m97% [10 ssl-cert 0 B/17.8 kB 0%]
[0m[1mmodule.ec2.aws_instance.webserver (remote-exec):[0m [0m100% [Working]
[0m[1mmodule.ec2.aws_instance.webserver (remote-exec):[0m [0mFetched 2083 kB in 0s (35.5 MB/s)
[0m[1mmodule.ec2.aws_instance.webserver (remote-exec):[0m [0mPreconfiguring packages ...
[0m[1mmodule.ec2.aws_instance.webserver (remote-exec):[0m [0mSelecting previously unselected package libapr1t64:amd64.
[0m[1mmodule.ec2.aws_instance.webserver (remote-exec):[0m [0m(Reading database ...
[0m[1mmodule.ec2.aws_instance.webserver (remote-exec):[0m [0m(Reading database ... 5%
[0m[1mmodule.ec2.aws_instance.webserver (remote-exec):[0m [0m(Reading database ... 10%
[0m[1mmodule.ec2.aws_instance.webserver (remote-exec):[0m [0m(Reading database ... 15%
[0m[1mmodule.ec2.aws_instance.webserver (remote-exec):[0m [0m(Reading database ... 20%
[0m[1mmodule.ec2.aws_instance.webserver (remote-exec):[0m [0m(Reading database ... 25%
[0m[1mmodule.ec2.aws_instance.webserver (remote-exec):[0m [0m(Reading database ... 30%
[0m[1mmodule.ec2.aws_instance.webserver (remote-exec):[0m [0m(Reading database ... 35%
[0m[1mmodule.ec2.aws_instance.webserver (remote-exec):[0m [0m(Reading database ... 40%
[0m[1mmodule.ec2.aws_instance.webserver (remote-exec):[0m [0m(Reading database ... 45%
[0m[1mmodule.ec2.aws_instance.webserver (remote-exec):[0m [0m(Reading database ... 50%
[0m[1mmodule.ec2.aws_instance.webserver (remote-exec):[0m [0m(Reading database ... 55%
[0m[1mmodule.ec2.aws_instance.webserver (remote-exec):[0m [0m(Reading database ... 60%
[0m[1mmodule.ec2.aws_instance.webserver (remote-exec):[0m [0m(Reading database ... 65%
[0m[1mmodule.ec2.aws_instance.webserver (remote-exec):[0m [0m(Reading database ... 70%
[0m[1mmodule.ec2.aws_instance.webserver (remote-exec):[0m [0m(Reading database ... 75%
[0m[1mmodule.ec2.aws_instance.webserver (remote-exec):[0m [0m(Reading database ... 80%
[0m[1mmodule.ec2.aws_instance.webserver (remote-exec):[0m [0m(Reading database ... 85%
[0m[1mmodule.ec2.aws_instance.webserver (remote-exec):[0m [0m(Reading database ... 90%
[0m[1mmodule.ec2.aws_instance.webserver (remote-exec):[0m [0m(Reading database ... 95%
[0m[1mmodule.ec2.aws_instance.webserver (remote-exec):[0m [0m(Reading database ... 100%
[0m[1mmodule.ec2.aws_instance.webserver (remote-exec):[0m [0m(Reading database ... 67741 files and directories currently installed.)
[0m[1mmodule.ec2.aws_instance.webserver (remote-exec):[0m [0mPreparing to unpack .../0-libapr1t64_1.7.2-3.1build2_amd64.deb ...
[0m[1mmodule.ec2.aws_instance.webserver (remote-exec):[0m [0mUnpacking libapr1t64:amd64 (1.7.2-3.1build2) ...
[0m[1mmodule.ec2.aws_instance.webserver (remote-exec):[0m [0mSelecting previously unselected package libaprutil1t64:amd64.
[0m[1mmodule.ec2.aws_instance.webserver (remote-exec):[0m [0mPreparing to unpack .../1-libaprutil1t64_1.6.3-1.1ubuntu7_amd64.deb ...
[0m[1mmodule.ec2.aws_instance.webserver (remote-exec):[0m [0mUnpacking libaprutil1t64:amd64 (1.6.3-1.1ubuntu7) ...
[0m[1mmodule.ec2.aws_instance.webserver (remote-exec):[0m [0mSelecting previously unselected package libaprutil1-dbd-sqlite3:amd64.
[0m[1mmodule.ec2.aws_instance.webserver (remote-exec):[0m [0mPreparing to unpack .../2-libaprutil1-dbd-sqlite3_1.6.3-1.1ubuntu7_amd64.deb ...
[0m[1mmodule.ec2.aws_instance.webserver (remote-exec):[0m [0mUnpacking libaprutil1-dbd-sqlite3:amd64 (1.6.3-1.1ubuntu7) ...
[0m[1mmodule.ec2.aws_instance.webserver (remote-exec):[0m [0mSelecting previously unselected package libaprutil1-ldap:amd64.
[0m[1mmodule.ec2.aws_instance.webserver (remote-exec):[0m [0mPreparing to unpack .../3-libaprutil1-ldap_1.6.3-1.1ubuntu7_amd64.deb ...
[0m[1mmodule.ec2.aws_instance.webserver (remote-exec):[0m [0mUnpacking libaprutil1-ldap:amd64 (1.6.3-1.1ubuntu7) ...
[0m[1mmodule.ec2.aws_instance.webserver (remote-exec):[0m [0mSelecting previously unselected package liblua5.4-0:amd64.
[0m[1mmodule.ec2.aws_instance.webserver (remote-exec):[0m [0mPreparing to unpack .../4-liblua5.4-0_5.4.6-3build2_amd64.deb ...
[0m[1mmodule.ec2.aws_instance.webserver (remote-exec):[0m [0mUnpacking liblua5.4-0:amd64 (5.4.6-3build2) ...
[0m[1mmodule.ec2.aws_instance.webserver (remote-exec):[0m [0mSelecting previously unselected package apache2-bin.
[0m[1mmodule.ec2.aws_instance.webserver (remote-exec):[0m [0mPreparing to unpack .../5-apache2-bin_2.4.58-1ubuntu8.4_amd64.deb ...
[0m[1mmodule.ec2.aws_instance.webserver (remote-exec):[0m [0mUnpacking apache2-bin (2.4.58-1ubuntu8.4) ...
[0m[1mmodule.ec2.aws_instance.webserver (remote-exec):[0m [0mSelecting previously unselected package apache2-data.
[0m[1mmodule.ec2.aws_instance.webserver (remote-exec):[0m [0mPreparing to unpack .../6-apache2-data_2.4.58-1ubuntu8.4_all.deb ...
[0m[1mmodule.ec2.aws_instance.webserver (remote-exec):[0m [0mUnpacking apache2-data (2.4.58-1ubuntu8.4) ...
[0m[1mmodule.ec2.aws_instance.webserver (remote-exec):[0m [0mSelecting previously unselected package apache2-utils.
[0m[1mmodule.ec2.aws_instance.webserver (remote-exec):[0m [0mPreparing to unpack .../7-apache2-utils_2.4.58-1ubuntu8.4_amd64.deb ...
[0m[1mmodule.ec2.aws_instance.webserver (remote-exec):[0m [0mUnpacking apache2-utils (2.4.58-1ubuntu8.4) ...
[0m[1mmodule.ec2.aws_instance.webserver (remote-exec):[0m [0mSelecting previously unselected package apache2.
[0m[1mmodule.ec2.aws_instance.webserver (remote-exec):[0m [0mPreparing to unpack .../8-apache2_2.4.58-1ubuntu8.4_amd64.deb ...
[0m[1mmodule.ec2.aws_instance.webserver (remote-exec):[0m [0mUnpacking apache2 (2.4.58-1ubuntu8.4) ...
[0m[1mmodule.ec2.aws_instance.webserver (remote-exec):[0m [0mSelecting previously unselected package ssl-cert.
[0m[1mmodule.ec2.aws_instance.webserver (remote-exec):[0m [0mPreparing to unpack .../9-ssl-cert_1.1.2ubuntu1_all.deb ...
[0m[1mmodule.ec2.aws_instance.webserver (remote-exec):[0m [0mUnpacking ssl-cert (1.1.2ubuntu1) ...
[0m[1mmodule.ec2.aws_instance.webserver (remote-exec):[0m [0mSetting up ssl-cert (1.1.2ubuntu1) ...
[0m[1mmodule.ec2.aws_instance.webserver (remote-exec):[0m [0mCreated symlink /etc/systemd/system/multi-user.target.wants/ssl-cert.service → /usr/lib/systemd/system/ssl-cert.service.
[0m[1mmodule.ec2.aws_instance.webserver (remote-exec):[0m [0mSetting up libapr1t64:amd64 (1.7.2-3.1build2) ...
[0m[1mmodule.ec2.aws_instance.webserver (remote-exec):[0m [0mSetting up liblua5.4-0:amd64 (5.4.6-3build2) ...
[0m[1mmodule.ec2.aws_instance.webserver (remote-exec):[0m [0mSetting up apache2-data (2.4.58-1ubuntu8.4) ...
[0m[1mmodule.ec2.aws_instance.webserver (remote-exec):[0m [0mSetting up libaprutil1t64:amd64 (1.6.3-1.1ubuntu7) ...
[0m[1mmodule.ec2.aws_instance.webserver (remote-exec):[0m [0mSetting up libaprutil1-ldap:amd64 (1.6.3-1.1ubuntu7) ...
[0m[1mmodule.ec2.aws_instance.webserver (remote-exec):[0m [0mSetting up libaprutil1-dbd-sqlite3:amd64 (1.6.3-1.1ubuntu7) ...
[0m[1mmodule.ec2.aws_instance.webserver (remote-exec):[0m [0mSetting up apache2-utils (2.4.58-1ubuntu8.4) ...
[0m[1mmodule.ec2.aws_instance.webserver (remote-exec):[0m [0mSetting up apache2-bin (2.4.58-1ubuntu8.4) ...
[0m[1mmodule.ec2.aws_instance.webserver (remote-exec):[0m [0mSetting up apache2 (2.4.58-1ubuntu8.4) ...
[0m[1mmodule.ec2.aws_instance.webserver (remote-exec):[0m [0mEnabling module mpm_event.
[0m[1mmodule.ec2.aws_instance.webserver (remote-exec):[0m [0mEnabling module authz_core.
[0m[1mmodule.ec2.aws_instance.webserver (remote-exec):[0m [0mEnabling module authz_host.
[0m[1mmodule.ec2.aws_instance.webserver (remote-exec):[0m [0mEnabling module authn_core.
[0m[1mmodule.ec2.aws_instance.webserver (remote-exec):[0m [0mEnabling module auth_basic.
[0m[1mmodule.ec2.aws_instance.webserver (remote-exec):[0m [0mEnabling module access_compat.
[0m[1mmodule.ec2.aws_instance.webserver (remote-exec):[0m [0mEnabling module authn_file.
[0m[1mmodule.ec2.aws_instance.webserver (remote-exec):[0m [0mEnabling module authz_user.
[0m[1mmodule.ec2.aws_instance.webserver (remote-exec):[0m [0mEnabling module alias.
[0m[1mmodule.ec2.aws_instance.webserver (remote-exec):[0m [0mEnabling module dir.
[0m[1mmodule.ec2.aws_instance.webserver (remote-exec):[0m [0mEnabling module autoindex.
[0m[1mmodule.ec2.aws_instance.webserver (remote-exec):[0m [0mEnabling module env.
[0m[1mmodule.ec2.aws_instance.webserver: Still creating... [1m20s elapsed][0m[0m
[0m[1mmodule.ec2.aws_instance.webserver (remote-exec):[0m [0mEnabling module mime.
[0m[1mmodule.ec2.aws_instance.webserver (remote-exec):[0m [0mEnabling module negotiation.
[0m[1mmodule.ec2.aws_instance.webserver (remote-exec):[0m [0mEnabling module setenvif.
[0m[1mmodule.ec2.aws_instance.webserver (remote-exec):[0m [0mEnabling module filter.
[0m[1mmodule.ec2.aws_instance.webserver (remote-exec):[0m [0mEnabling module deflate.
[0m[1mmodule.ec2.aws_instance.webserver (remote-exec):[0m [0mEnabling module status.
[0m[1mmodule.ec2.aws_instance.webserver (remote-exec):[0m [0mEnabling module reqtimeout.
[0m[1mmodule.ec2.aws_instance.webserver (remote-exec):[0m [0mEnabling conf charset.
[0m[1mmodule.ec2.aws_instance.webserver (remote-exec):[0m [0mEnabling conf localized-error-pages.
[0m[1mmodule.ec2.aws_instance.webserver (remote-exec):[0m [0mEnabling conf other-vhosts-access-log.
[0m[1mmodule.ec2.aws_instance.webserver (remote-exec):[0m [0mEnabling conf security.
[0m[1mmodule.ec2.aws_instance.webserver (remote-exec):[0m [0mEnabling conf serve-cgi-bin.
[0m[1mmodule.ec2.aws_instance.webserver (remote-exec):[0m [0mEnabling site 000-default.
[0m[1mmodule.rds.aws_db_instance.default: Still creating... [1m40s elapsed][0m[0m
[0m[1mmodule.ec2.aws_instance.webserver (remote-exec):[0m [0mCreated symlink /etc/systemd/system/multi-user.target.wants/apache2.service → /usr/lib/systemd/system/apache2.service.
[0m[1mmodule.ec2.aws_instance.webserver (remote-exec):[0m [0mCreated symlink /etc/systemd/system/multi-user.target.wants/apache-htcacheclean.service → /usr/lib/systemd/system/apache-htcacheclean.service.
[0m[1mmodule.ec2.aws_instance.webserver (remote-exec):[0m [0mProcessing triggers for ufw (0.36.2-6) ...
[0m[1mmodule.ec2.aws_instance.webserver (remote-exec):[0m [0mProcessing triggers for man-db (2.12.0-4build2) ...
[0m[1mmodule.ec2.aws_instance.webserver (remote-exec):[0m [0mProcessing triggers for libc-bin (2.39-0ubuntu8.2) ...
[0m[1mmodule.ec2.aws_instance.webserver (remote-exec):[0m [0mScanning processes... [                ]
[0m[1mmodule.ec2.aws_instance.webserver (remote-exec):[0m [0mScanning processes... [                ]
[0m[1mmodule.ec2.aws_instance.webserver (remote-exec):[0m [0mScanning processes... [                ]
[0m[1mmodule.ec2.aws_instance.webserver (remote-exec):[0m [0mScanning processes... [                ]
[0m[1mmodule.ec2.aws_instance.webserver (remote-exec):[0m [0mScanning processes... [                ]
[0m[1mmodule.ec2.aws_instance.webserver (remote-exec):[0m [0mScanning processes... [                ]
[0m[1mmodule.ec2.aws_instance.webserver (remote-exec):[0m [0mScanning processes... [                ]
[0m[1mmodule.ec2.aws_instance.webserver (remote-exec):[0m [0mScanning processes... [                ]
[0m[1mmodule.ec2.aws_instance.webserver (remote-exec):[0m [0mScanning processes... [=               ]
[0m[1mmodule.ec2.aws_instance.webserver (remote-exec):[0m [0mScanning processes... [=               ]
[0m[1mmodule.ec2.aws_instance.webserver (remote-exec):[0m [0mScanning processes... [=               ]
[0m[1mmodule.ec2.aws_instance.webserver (remote-exec):[0m [0mScanning processes... [=               ]
[0m[1mmodule.ec2.aws_instance.webserver (remote-exec):[0m [0mScanning processes... [=               ]
[0m[1mmodule.ec2.aws_instance.webserver (remote-exec):[0m [0mScanning processes... [=               ]
[0m[1mmodule.ec2.aws_instance.webserver (remote-exec):[0m [0mScanning processes... [=               ]
[0m[1mmodule.ec2.aws_instance.webserver (remote-exec):[0m [0mScanning processes... [==              ]
[0m[1mmodule.ec2.aws_instance.webserver (remote-exec):[0m [0mScanning processes... [==              ]
[0m[1mmodule.ec2.aws_instance.webserver (remote-exec):[0m [0mScanning processes... [==              ]
[0m[1mmodule.ec2.aws_instance.webserver (remote-exec):[0m [0mScanning processes... [==              ]
[0m[1mmodule.ec2.aws_instance.webserver (remote-exec):[0m [0mScanning processes... [==              ]
[0m[1mmodule.ec2.aws_instance.webserver (remote-exec):[0m [0mScanning processes... [==              ]
[0m[1mmodule.ec2.aws_instance.webserver (remote-exec):[0m [0mScanning processes... [==              ]
[0m[1mmodule.ec2.aws_instance.webserver (remote-exec):[0m [0mScanning processes... [===             ]
[0m[1mmodule.ec2.aws_instance.webserver (remote-exec):[0m [0mScanning processes... [===             ]
[0m[1mmodule.ec2.aws_instance.webserver (remote-exec):[0m [0mScanning processes... [===             ]
[0m[1mmodule.ec2.aws_instance.webserver (remote-exec):[0m [0mScanning processes... [===             ]
[0m[1mmodule.ec2.aws_instance.webserver (remote-exec):[0m [0mScanning processes... [===             ]
[0m[1mmodule.ec2.aws_instance.webserver (remote-exec):[0m [0mScanning processes... [===             ]
[0m[1mmodule.ec2.aws_instance.webserver (remote-exec):[0m [0mScanning processes... [===             ]
[0m[1mmodule.ec2.aws_instance.webserver (remote-exec):[0m [0mScanning processes... [===             ]
[0m[1mmodule.ec2.aws_instance.webserver (remote-exec):[0m [0mScanning processes... [====            ]
[0m[1mmodule.ec2.aws_instance.webserver (remote-exec):[0m [0mScanning processes... [====            ]
[0m[1mmodule.ec2.aws_instance.webserver (remote-exec):[0m [0mScanning processes... [====            ]
[0m[1mmodule.ec2.aws_instance.webserver (remote-exec):[0m [0mScanning processes... [====            ]
[0m[1mmodule.ec2.aws_instance.webserver (remote-exec):[0m [0mScanning processes... [====            ]
[0m[1mmodule.ec2.aws_instance.webserver (remote-exec):[0m [0mScanning processes... [====            ]
[0m[1mmodule.ec2.aws_instance.webserver (remote-exec):[0m [0mScanning processes... [====            ]
[0m[1mmodule.ec2.aws_instance.webserver (remote-exec):[0m [0mScanning processes... [=====           ]
[0m[1mmodule.ec2.aws_instance.webserver (remote-exec):[0m [0mScanning processes... [=====           ]
[0m[1mmodule.ec2.aws_instance.webserver (remote-exec):[0m [0mScanning processes... [=====           ]
[0m[1mmodule.ec2.aws_instance.webserver (remote-exec):[0m [0mScanning processes... [=====           ]
[0m[1mmodule.ec2.aws_instance.webserver (remote-exec):[0m [0mScanning processes... [=====           ]
[0m[1mmodule.ec2.aws_instance.webserver (remote-exec):[0m [0mScanning processes... [=====           ]
[0m[1mmodule.ec2.aws_instance.webserver (remote-exec):[0m [0mScanning processes... [=====           ]
[0m[1mmodule.ec2.aws_instance.webserver (remote-exec):[0m [0mScanning processes... [======          ]
[0m[1mmodule.ec2.aws_instance.webserver (remote-exec):[0m [0mScanning processes... [======          ]
[0m[1mmodule.ec2.aws_instance.webserver (remote-exec):[0m [0mScanning processes... [======          ]
[0m[1mmodule.ec2.aws_instance.webserver (remote-exec):[0m [0mScanning processes... [======          ]
[0m[1mmodule.ec2.aws_instance.webserver (remote-exec):[0m [0mScanning processes... [======          ]
[0m[1mmodule.ec2.aws_instance.webserver (remote-exec):[0m [0mScanning processes... [======          ]
[0m[1mmodule.ec2.aws_instance.webserver (remote-exec):[0m [0mScanning processes... [======          ]
[0m[1mmodule.ec2.aws_instance.webserver (remote-exec):[0m [0mScanning processes... [======          ]
[0m[1mmodule.ec2.aws_instance.webserver (remote-exec):[0m [0mScanning processes... [=======         ]
[0m[1mmodule.ec2.aws_instance.webserver (remote-exec):[0m [0mScanning processes... [=======         ]
[0m[1mmodule.ec2.aws_instance.webserver (remote-exec):[0m [0mScanning processes... [=======         ]
[0m[1mmodule.ec2.aws_instance.webserver (remote-exec):[0m [0mScanning processes... [=======         ]
[0m[1mmodule.ec2.aws_instance.webserver (remote-exec):[0m [0mScanning processes... [=======         ]
[0m[1mmodule.ec2.aws_instance.webserver (remote-exec):[0m [0mScanning processes... [=======         ]
[0m[1mmodule.ec2.aws_instance.webserver (remote-exec):[0m [0mScanning processes... [=======         ]
[0m[1mmodule.ec2.aws_instance.webserver (remote-exec):[0m [0mScanning processes... [========        ]
[0m[1mmodule.ec2.aws_instance.webserver (remote-exec):[0m [0mScanning processes... [========        ]
[0m[1mmodule.ec2.aws_instance.webserver (remote-exec):[0m [0mScanning processes... [========        ]
[0m[1mmodule.ec2.aws_instance.webserver (remote-exec):[0m [0mScanning processes... [========        ]
[0m[1mmodule.ec2.aws_instance.webserver (remote-exec):[0m [0mScanning processes... [========        ]
[0m[1mmodule.ec2.aws_instance.webserver (remote-exec):[0m [0mScanning processes... [========        ]
[0m[1mmodule.ec2.aws_instance.webserver (remote-exec):[0m [0mScanning processes... [========        ]
[0m[1mmodule.ec2.aws_instance.webserver (remote-exec):[0m [0mScanning processes... [=========       ]
[0m[1mmodule.ec2.aws_instance.webserver (remote-exec):[0m [0mScanning processes... [=========       ]
[0m[1mmodule.ec2.aws_instance.webserver (remote-exec):[0m [0mScanning processes... [=========       ]
[0m[1mmodule.ec2.aws_instance.webserver (remote-exec):[0m [0mScanning processes... [=========       ]
[0m[1mmodule.ec2.aws_instance.webserver (remote-exec):[0m [0mScanning processes... [=========       ]
[0m[1mmodule.ec2.aws_instance.webserver (remote-exec):[0m [0mScanning processes... [=========       ]
[0m[1mmodule.ec2.aws_instance.webserver (remote-exec):[0m [0mScanning processes... [=========       ]
[0m[1mmodule.ec2.aws_instance.webserver (remote-exec):[0m [0mScanning processes... [=========       ]
[0m[1mmodule.ec2.aws_instance.webserver (remote-exec):[0m [0mScanning processes... [==========      ]
[0m[1mmodule.ec2.aws_instance.webserver (remote-exec):[0m [0mScanning processes... [==========      ]
[0m[1mmodule.ec2.aws_instance.webserver (remote-exec):[0m [0mScanning processes... [==========      ]
[0m[1mmodule.ec2.aws_instance.webserver (remote-exec):[0m [0mScanning processes... [==========      ]
[0m[1mmodule.ec2.aws_instance.webserver (remote-exec):[0m [0mScanning processes... [==========      ]
[0m[1mmodule.ec2.aws_instance.webserver (remote-exec):[0m [0mScanning processes... [==========      ]
[0m[1mmodule.ec2.aws_instance.webserver (remote-exec):[0m [0mScanning processes... [==========      ]
[0m[1mmodule.ec2.aws_instance.webserver (remote-exec):[0m [0mScanning processes... [===========     ]
[0m[1mmodule.ec2.aws_instance.webserver (remote-exec):[0m [0mScanning processes... [===========     ]
[0m[1mmodule.ec2.aws_instance.webserver (remote-exec):[0m [0mScanning processes... [===========     ]
[0m[1mmodule.ec2.aws_instance.webserver (remote-exec):[0m [0mScanning processes... [===========     ]
[0m[1mmodule.ec2.aws_instance.webserver (remote-exec):[0m [0mScanning processes... [===========     ]
[0m[1mmodule.ec2.aws_instance.webserver (remote-exec):[0m [0mScanning processes... [===========     ]
[0m[1mmodule.ec2.aws_instance.webserver (remote-exec):[0m [0mScanning processes... [===========     ]
[0m[1mmodule.ec2.aws_instance.webserver (remote-exec):[0m [0mScanning processes... [============    ]
[0m[1mmodule.ec2.aws_instance.webserver (remote-exec):[0m [0mScanning processes... [============    ]
[0m[1mmodule.ec2.aws_instance.webserver (remote-exec):[0m [0mScanning processes... [============    ]
[0m[1mmodule.ec2.aws_instance.webserver (remote-exec):[0m [0mScanning processes... [============    ]
[0m[1mmodule.ec2.aws_instance.webserver (remote-exec):[0m [0mScanning processes... [============    ]
[0m[1mmodule.ec2.aws_instance.webserver (remote-exec):[0m [0mScanning processes... [============    ]
[0m[1mmodule.ec2.aws_instance.webserver (remote-exec):[0m [0mScanning processes... [============    ]
[0m[1mmodule.ec2.aws_instance.webserver (remote-exec):[0m [0mScanning processes... [============    ]
[0m[1mmodule.ec2.aws_instance.webserver (remote-exec):[0m [0mScanning processes... [=============   ]
[0m[1mmodule.ec2.aws_instance.webserver (remote-exec):[0m [0mScanning processes... [=============   ]
[0m[1mmodule.ec2.aws_instance.webserver (remote-exec):[0m [0mScanning processes... [=============   ]
[0m[1mmodule.ec2.aws_instance.webserver (remote-exec):[0m [0mScanning processes... [=============   ]
[0m[1mmodule.ec2.aws_instance.webserver (remote-exec):[0m [0mScanning processes... [=============   ]
[0m[1mmodule.ec2.aws_instance.webserver (remote-exec):[0m [0mScanning processes... [=============   ]
[0m[1mmodule.ec2.aws_instance.webserver (remote-exec):[0m [0mScanning processes... [=============   ]
[0m[1mmodule.ec2.aws_instance.webserver (remote-exec):[0m [0mScanning processes... [==============  ]
[0m[1mmodule.ec2.aws_instance.webserver (remote-exec):[0m [0mScanning processes... [==============  ]
[0m[1mmodule.ec2.aws_instance.webserver (remote-exec):[0m [0mScanning processes... [==============  ]
[0m[1mmodule.ec2.aws_instance.webserver (remote-exec):[0m [0mScanning processes... [==============  ]
[0m[1mmodule.ec2.aws_instance.webserver (remote-exec):[0m [0mScanning processes... [==============  ]
[0m[1mmodule.ec2.aws_instance.webserver (remote-exec):[0m [0mScanning processes... [==============  ]
[0m[1mmodule.ec2.aws_instance.webserver (remote-exec):[0m [0mScanning processes... [==============  ]
[0m[1mmodule.ec2.aws_instance.webserver (remote-exec):[0m [0mScanning processes... [=============== ]
[0m[1mmodule.ec2.aws_instance.webserver (remote-exec):[0m [0mScanning processes... [=============== ]
[0m[1mmodule.ec2.aws_instance.webserver (remote-exec):[0m [0mScanning processes... [=============== ]
[0m[1mmodule.ec2.aws_instance.webserver (remote-exec):[0m [0mScanning processes... [=============== ]
[0m[1mmodule.ec2.aws_instance.webserver (remote-exec):[0m [0mScanning processes... [=============== ]
[0m[1mmodule.ec2.aws_instance.webserver (remote-exec):[0m [0mScanning processes... [=============== ]
[0m[1mmodule.ec2.aws_instance.webserver (remote-exec):[0m [0mScanning processes... [=============== ]
[0m[1mmodule.ec2.aws_instance.webserver (remote-exec):[0m [0mScanning processes... [================]
[0m[1mmodule.ec2.aws_instance.webserver (remote-exec):[0m [0mScanning processes...
[0m[1mmodule.ec2.aws_instance.webserver (remote-exec):[0m [0mScanning linux images... [             ]
[0m[1mmodule.ec2.aws_instance.webserver (remote-exec):[0m [0mScanning linux images... [====         ]
[0m[1mmodule.ec2.aws_instance.webserver (remote-exec):[0m [0mScanning linux images... [========     ]
[0m[1mmodule.ec2.aws_instance.webserver (remote-exec):[0m [0mScanning linux images... [=============]
[0m[1mmodule.ec2.aws_instance.webserver (remote-exec):[0m [0mScanning linux images...

[0m[1mmodule.ec2.aws_instance.webserver (remote-exec):[0m [0mRunning kernel seems to be up-to-date.

[0m[1mmodule.ec2.aws_instance.webserver (remote-exec):[0m [0mNo services need to be restarted.

[0m[1mmodule.ec2.aws_instance.webserver (remote-exec):[0m [0mNo containers need to be restarted.

[0m[1mmodule.ec2.aws_instance.webserver (remote-exec):[0m [0mNo user sessions are running outdated
[0m[1mmodule.ec2.aws_instance.webserver (remote-exec):[0m [0m binaries.

[0m[1mmodule.ec2.aws_instance.webserver (remote-exec):[0m [0mNo VM guests are running outdated
[0m[1mmodule.ec2.aws_instance.webserver (remote-exec):[0m [0m hypervisor (qemu) binaries on this
[0m[1mmodule.ec2.aws_instance.webserver (remote-exec):[0m [0m host.
[0m[1mmodule.ec2.aws_instance.webserver (remote-exec):[0m [0mSynchronizing state of apache2.service with SysV service script with /usr/lib/systemd/systemd-sysv-install.
[0m[1mmodule.ec2.aws_instance.webserver (remote-exec):[0m [0mExecuting: /usr/lib/systemd/systemd-sysv-install enable apache2
[0m[1mmodule.ec2.aws_instance.webserver: Provisioning with 'local-exec'...[0m[0m
[0m[1mmodule.ec2.aws_instance.webserver (local-exec):[0m [0mExecuting: ["/bin/sh" "-c" "echo 'Apache installation initiated on 34.219.13.74'"]
[0m[1mmodule.ec2.aws_instance.webserver (local-exec):[0m [0mApache installation initiated on 34.219.13.74
[0m[1mmodule.ec2.aws_instance.webserver: Creation complete after 1m30s [id=i-038dc1dd7f34fb43c][0m
[0m[1mmodule.rds.aws_db_instance.default: Still creating... [1m50s elapsed][0m[0m
[0m[1mmodule.ec2.aws_eip.webserver_eip: Creating...[0m[0m
[0m[1mmodule.ec2.aws_eip.webserver_eip: Creation complete after 4s [id=eipalloc-015d911c46f4bae02][0m
[0m[1mmodule.ec2.aws_eip_association.webserver_eip_assoc: Creating...[0m[0m
[0m[1mmodule.ec2.aws_eip_association.webserver_eip_assoc: Creation complete after 2s [id=eipassoc-0d6e852dfa518a1db][0m
[0m[1mmodule.rds.aws_db_instance.default: Still creating... [2m0s elapsed][0m[0m
[0m[1mmodule.rds.aws_db_instance.default: Still creating... [2m10s elapsed][0m[0m
[0m[1mmodule.rds.aws_db_instance.default: Still creating... [2m20s elapsed][0m[0m
[0m[1mmodule.rds.aws_db_instance.default: Still creating... [2m30s elapsed][0m[0m
[0m[1mmodule.rds.aws_db_instance.default: Still creating... [2m40s elapsed][0m[0m
[0m[1mmodule.rds.aws_db_instance.default: Still creating... [2m50s elapsed][0m[0m
[0m[1mmodule.rds.aws_db_instance.default: Still creating... [3m0s elapsed][0m[0m
[0m[1mmodule.rds.aws_db_instance.default: Still creating... [3m10s elapsed][0m[0m
[0m[1mmodule.rds.aws_db_instance.default: Still creating... [3m20s elapsed][0m[0m
[0m[1mmodule.rds.aws_db_instance.default: Still creating... [3m30s elapsed][0m[0m
[0m[1mmodule.rds.aws_db_instance.default: Still creating... [3m40s elapsed][0m[0m
[0m[1mmodule.rds.aws_db_instance.default: Still creating... [3m50s elapsed][0m[0m
[0m[1mmodule.rds.aws_db_instance.default: Creation complete after 3m54s [id=db-VH6HZFU3QPHFPMR34S3CBEDLPU][0m
Releasing state lock. This may take a few moments...
[0m[1m[32m
Apply complete! Resources: 25 added, 0 changed, 0 destroyed.
[0m[0m[1m[32m
Outputs:

[0mec2_instance_ids = "i-038dc1dd7f34fb43c"
ec2_public_ips = "34.219.13.74"
private_subnet_ids = [
  "subnet-05566438973b6aeeb",
  "subnet-03a6c24ae76adb752",
]
public_subnet_ids = "subnet-06b684aa78a5d7545"
rds_endpoint = "terraform-20240824121959858200000001.cngkowgac7lz.us-west-2.rds.amazonaws.com:3306"
rds_instance_id = "db-VH6HZFU3QPHFPMR34S3CBEDLPU"
s3_bucket_name = "sudarshan-webapp-prod-s3-bucket"
vpc_id = "vpc-06c7e5ae0119b0dbf"
webserver_eip_public_ip = "44.227.73.43"
