
Terraform used the selected providers to generate the following execution plan. Resource actions are indicated with the following symbols:
  + create

Terraform will perform the following actions:

  # aws_key_pair.tf_key_pair will be created
  + resource "aws_key_pair" "tf_key_pair" {
      + arn             = (known after apply)
      + fingerprint     = (known after apply)
      + id              = (known after apply)
      + key_name        = "sudarshan-tf-key-pair.pem"
      + key_name_prefix = (known after apply)
      + key_pair_id     = (known after apply)
      + key_type        = (known after apply)
      + public_key      = (known after apply)
      + tags_all        = (known after apply)
    }

  # local_file.tf_key will be created
  + resource "local_file" "tf_key" {
      + content              = (sensitive value)
      + content_base64sha256 = (known after apply)
      + content_base64sha512 = (known after apply)
      + content_md5          = (known after apply)
      + content_sha1         = (known after apply)
      + content_sha256       = (known after apply)
      + content_sha512       = (known after apply)
      + directory_permission = "0777"
      + file_permission      = "0777"
      + filename             = "sudarshan-tf-key-pair.pem"
      + id                   = (known after apply)
    }

  # tls_private_key.rsa will be created
  + resource "tls_private_key" "rsa" {
      + algorithm                     = "RSA"
      + ecdsa_curve                   = "P224"
      + id                            = (known after apply)
      + private_key_openssh           = (sensitive value)
      + private_key_pem               = (sensitive value)
      + private_key_pem_pkcs8         = (sensitive value)
      + public_key_fingerprint_md5    = (known after apply)
      + public_key_fingerprint_sha256 = (known after apply)
      + public_key_openssh            = (known after apply)
      + public_key_pem                = (known after apply)
      + rsa_bits                      = 4096
    }

  # module.ec2.aws_instance.webserver will be created
  + resource "aws_instance" "webserver" {
      + ami                                  = "ami-05134c8ef96964280"
      + arn                                  = (known after apply)
      + associate_public_ip_address          = true
      + availability_zone                    = "us-west-2a"
      + cpu_core_count                       = (known after apply)
      + cpu_threads_per_core                 = (known after apply)
      + disable_api_stop                     = (known after apply)
      + disable_api_termination              = (known after apply)
      + ebs_optimized                        = (known after apply)
      + get_password_data                    = false
      + host_id                              = (known after apply)
      + host_resource_group_arn              = (known after apply)
      + iam_instance_profile                 = "prod_ec2_instance_profile"
      + id                                   = (known after apply)
      + instance_initiated_shutdown_behavior = (known after apply)
      + instance_lifecycle                   = (known after apply)
      + instance_state                       = (known after apply)
      + instance_type                        = "t2.micro"
      + ipv6_address_count                   = (known after apply)
      + ipv6_addresses                       = (known after apply)
      + key_name                             = "sudarshan-tf-key-pair.pem"
      + monitoring                           = (known after apply)
      + outpost_arn                          = (known after apply)
      + password_data                        = (known after apply)
      + placement_group                      = (known after apply)
      + placement_partition_number           = (known after apply)
      + primary_network_interface_id         = (known after apply)
      + private_dns                          = (known after apply)
      + private_ip                           = (known after apply)
      + public_dns                           = (known after apply)
      + public_ip                            = (known after apply)
      + secondary_private_ips                = (known after apply)
      + security_groups                      = (known after apply)
      + source_dest_check                    = true
      + spot_instance_request_id             = (known after apply)
      + subnet_id                            = (known after apply)
      + tags                                 = {
          + "Environment" = "prod"
          + "Name"        = "Webserver-sudarshan-prod"
        }
      + tags_all                             = {
          + "Environment" = "prod"
          + "Name"        = "Webserver-sudarshan-prod"
        }
      + tenancy                              = (known after apply)
      + user_data                            = (known after apply)
      + user_data_base64                     = (known after apply)
      + user_data_replace_on_change          = false
      + vpc_security_group_ids               = (known after apply)

      + capacity_reservation_specification (known after apply)

      + cpu_options (known after apply)

      + ebs_block_device (known after apply)

      + enclave_options (known after apply)

      + ephemeral_block_device (known after apply)

      + instance_market_options (known after apply)

      + maintenance_options (known after apply)

      + metadata_options (known after apply)

      + network_interface (known after apply)

      + private_dns_name_options (known after apply)

      + root_block_device (known after apply)
    }

  # module.s3.aws_iam_instance_profile.ec2_instance_profile will be created
  + resource "aws_iam_instance_profile" "ec2_instance_profile" {
      + arn         = (known after apply)
      + create_date = (known after apply)
      + id          = (known after apply)
      + name        = "prod_ec2_instance_profile"
      + name_prefix = (known after apply)
      + path        = "/"
      + role        = "EC2-S3-Role"
      + tags_all    = (known after apply)
      + unique_id   = (known after apply)
    }

  # module.s3.aws_s3_bucket.S3_app_bucket will be created
  + resource "aws_s3_bucket" "S3_app_bucket" {
      + acceleration_status         = (known after apply)
      + acl                         = (known after apply)
      + arn                         = (known after apply)
      + bucket                      = "day30-sudarshan-terraform-prod"
      + bucket_domain_name          = (known after apply)
      + bucket_prefix               = (known after apply)
      + bucket_regional_domain_name = (known after apply)
      + force_destroy               = false
      + hosted_zone_id              = (known after apply)
      + id                          = (known after apply)
      + object_lock_enabled         = (known after apply)
      + policy                      = (known after apply)
      + region                      = (known after apply)
      + request_payer               = (known after apply)
      + tags                        = {
          + "Environment" = "prod"
          + "Name"        = "day30-sudarshan-terraform-prod"
        }
      + tags_all                    = {
          + "Environment" = "prod"
          + "Name"        = "day30-sudarshan-terraform-prod"
        }
      + website_domain              = (known after apply)
      + website_endpoint            = (known after apply)

      + cors_rule (known after apply)

      + grant (known after apply)

      + lifecycle_rule (known after apply)

      + logging (known after apply)

      + object_lock_configuration (known after apply)

      + replication_configuration (known after apply)

      + server_side_encryption_configuration (known after apply)

      + versioning (known after apply)

      + website (known after apply)
    }

  # module.s3.aws_s3_bucket_policy.s3_policy will be created
  + resource "aws_s3_bucket_policy" "s3_policy" {
      + bucket = (known after apply)
      + id     = (known after apply)
      + policy = (known after apply)
    }

  # module.vpc.aws_internet_gateway.Project_igw will be created
  + resource "aws_internet_gateway" "Project_igw" {
      + arn      = (known after apply)
      + id       = (known after apply)
      + owner_id = (known after apply)
      + tags     = {
          + "Name" = "Sudarshan-IGW"
        }
      + tags_all = {
          + "Name" = "Sudarshan-IGW"
        }
      + vpc_id   = (known after apply)
    }

  # module.vpc.aws_route_table.Project_public_rt will be created
  + resource "aws_route_table" "Project_public_rt" {
      + arn              = (known after apply)
      + id               = (known after apply)
      + owner_id         = (known after apply)
      + propagating_vgws = (known after apply)
      + route            = [
          + {
              + cidr_block                 = "0.0.0.0/0"
              + gateway_id                 = (known after apply)
                # (11 unchanged attributes hidden)
            },
        ]
      + tags_all         = (known after apply)
      + vpc_id           = (known after apply)
    }

  # module.vpc.aws_route_table_association.Project_public_rt_assoc will be created
  + resource "aws_route_table_association" "Project_public_rt_assoc" {
      + id             = (known after apply)
      + route_table_id = (known after apply)
      + subnet_id      = (known after apply)
    }

  # module.vpc.aws_security_group.ec2_sg_ssh will be created
  + resource "aws_security_group" "ec2_sg_ssh" {
      + arn                    = (known after apply)
      + description            = "Managed by Terraform"
      + egress                 = [
          + {
              + cidr_blocks      = [
                  + "0.0.0.0/0",
                ]
              + from_port        = 0
              + ipv6_cidr_blocks = []
              + prefix_list_ids  = []
              + protocol         = "-1"
              + security_groups  = []
              + self             = false
              + to_port          = 0
                # (1 unchanged attribute hidden)
            },
        ]
      + id                     = (known after apply)
      + ingress                = [
          + {
              + cidr_blocks      = [
                  + "0.0.0.0/0",
                ]
              + from_port        = 22
              + ipv6_cidr_blocks = []
              + prefix_list_ids  = []
              + protocol         = "tcp"
              + security_groups  = []
              + self             = false
              + to_port          = 22
                # (1 unchanged attribute hidden)
            },
          + {
              + cidr_blocks      = [
                  + "0.0.0.0/0",
                ]
              + from_port        = 80
              + ipv6_cidr_blocks = []
              + prefix_list_ids  = []
              + protocol         = "tcp"
              + security_groups  = []
              + self             = false
              + to_port          = 80
                # (1 unchanged attribute hidden)
            },
        ]
      + name                   = (known after apply)
      + name_prefix            = (known after apply)
      + owner_id               = (known after apply)
      + revoke_rules_on_delete = false
      + tags                   = {
          + "Name" = "Sudarshan-ec2-ssh-SG"
        }
      + tags_all               = {
          + "Name" = "Sudarshan-ec2-ssh-SG"
        }
      + vpc_id                 = (known after apply)
    }

  # module.vpc.aws_subnet.Project_public_subnet will be created
  + resource "aws_subnet" "Project_public_subnet" {
      + arn                                            = (known after apply)
      + assign_ipv6_address_on_creation                = false
      + availability_zone                              = "us-west-2a"
      + availability_zone_id                           = (known after apply)
      + cidr_block                                     = "10.0.2.0/24"
      + enable_dns64                                   = false
      + enable_resource_name_dns_a_record_on_launch    = false
      + enable_resource_name_dns_aaaa_record_on_launch = false
      + id                                             = (known after apply)
      + ipv6_cidr_block_association_id                 = (known after apply)
      + ipv6_native                                    = false
      + map_public_ip_on_launch                        = true
      + owner_id                                       = (known after apply)
      + private_dns_hostname_type_on_launch            = (known after apply)
      + tags_all                                       = (known after apply)
      + vpc_id                                         = (known after apply)
    }

  # module.vpc.aws_vpc.ProjectVPC will be created
  + resource "aws_vpc" "ProjectVPC" {
      + arn                                  = (known after apply)
      + cidr_block                           = "10.0.0.0/16"
      + default_network_acl_id               = (known after apply)
      + default_route_table_id               = (known after apply)
      + default_security_group_id            = (known after apply)
      + dhcp_options_id                      = (known after apply)
      + enable_dns_hostnames                 = (known after apply)
      + enable_dns_support                   = true
      + enable_network_address_usage_metrics = (known after apply)
      + id                                   = (known after apply)
      + instance_tenancy                     = "default"
      + ipv6_association_id                  = (known after apply)
      + ipv6_cidr_block                      = (known after apply)
      + ipv6_cidr_block_network_border_group = (known after apply)
      + main_route_table_id                  = (known after apply)
      + owner_id                             = (known after apply)
      + tags                                 = {
          + "Name" = "Sudarshan-VPC"
        }
      + tags_all                             = {
          + "Name" = "Sudarshan-VPC"
        }
    }

Plan: 13 to add, 0 to change, 0 to destroy.

Do you want to perform these actions in workspace "prod"?
  Terraform will perform the actions described above.
  Only 'yes' will be accepted to approve.

  Enter a value: yes

aws_key_pair.tf_key_pair: Creating...
module.ec2.aws_instance.webserver: Destroying... [id=i-0f23fd0ff6f7c0675]
module.ec2.aws_instance.webserver: Still destroying... [id=i-0f23fd0ff6f7c0675, 10s elapsed]
module.ec2.aws_instance.webserver: Still destroying... [id=i-0f23fd0ff6f7c0675, 20s elapsed]
module.ec2.aws_instance.webserver: Still destroying... [id=i-0f23fd0ff6f7c0675, 30s elapsed]
module.ec2.aws_instance.webserver: Still destroying... [id=i-0f23fd0ff6f7c0675, 40s elapsed]
module.ec2.aws_instance.webserver: Destruction complete after 44s
module.ec2.aws_instance.webserver: Creating...
module.ec2.aws_instance.webserver: Still creating... [10s elapsed]
module.ec2.aws_instance.webserver: Still creating... [20s elapsed]
module.ec2.aws_instance.webserver: Still creating... [30s elapsed]
module.ec2.aws_instance.webserver: Provisioning with 'remote-exec'...
module.ec2.aws_instance.webserver (remote-exec): Connecting to remote host via SSH...
module.ec2.aws_instance.webserver (remote-exec):   Host: 35.86.247.16
module.ec2.aws_instance.webserver (remote-exec):   User: ubuntu
module.ec2.aws_instance.webserver (remote-exec):   Password: false
module.ec2.aws_instance.webserver (remote-exec):   Private key: true
module.ec2.aws_instance.webserver (remote-exec):   Certificate: false
module.ec2.aws_instance.webserver (remote-exec):   SSH Agent: true
module.ec2.aws_instance.webserver (remote-exec):   Checking Host Key: false
module.ec2.aws_instance.webserver (remote-exec):   Target Platform: unix
module.ec2.aws_instance.webserver: Still creating... [40s elapsed]
module.ec2.aws_instance.webserver (remote-exec): Connecting to remote host via SSH...
module.ec2.aws_instance.webserver (remote-exec):   Host: 35.86.247.16
module.ec2.aws_instance.webserver (remote-exec):   User: ubuntu
module.ec2.aws_instance.webserver (remote-exec):   Password: false
module.ec2.aws_instance.webserver (remote-exec):   Private key: true
module.ec2.aws_instance.webserver (remote-exec):   Certificate: false
module.ec2.aws_instance.webserver (remote-exec):   SSH Agent: true
module.ec2.aws_instance.webserver (remote-exec):   Checking Host Key: false
module.ec2.aws_instance.webserver (remote-exec):   Target Platform: unix
module.ec2.aws_instance.webserver: Still creating... [50s elapsed]
module.ec2.aws_instance.webserver (remote-exec): Connecting to remote host via SSH...
module.ec2.aws_instance.webserver (remote-exec):   Host: 35.86.247.16
module.ec2.aws_instance.webserver (remote-exec):   User: ubuntu
module.ec2.aws_instance.webserver (remote-exec):   Password: false
module.ec2.aws_instance.webserver (remote-exec):   Private key: true
module.ec2.aws_instance.webserver (remote-exec):   Certificate: false
module.ec2.aws_instance.webserver (remote-exec):   SSH Agent: true
module.ec2.aws_instance.webserver (remote-exec):   Checking Host Key: false
module.ec2.aws_instance.webserver (remote-exec):   Target Platform: unix
module.ec2.aws_instance.webserver (remote-exec): Connecting to remote host via SSH...
module.ec2.aws_instance.webserver (remote-exec):   Host: 35.86.247.16
module.ec2.aws_instance.webserver (remote-exec):   User: ubuntu
module.ec2.aws_instance.webserver (remote-exec):   Password: false
module.ec2.aws_instance.webserver (remote-exec):   Private key: true
module.ec2.aws_instance.webserver (remote-exec):   Certificate: false
module.ec2.aws_instance.webserver (remote-exec):   SSH Agent: true
module.ec2.aws_instance.webserver (remote-exec):   Checking Host Key: false
module.ec2.aws_instance.webserver (remote-exec):   Target Platform: unix
module.ec2.aws_instance.webserver: Still creating... [1m0s elapsed]
module.ec2.aws_instance.webserver (remote-exec): Connecting to remote host via SSH...
module.ec2.aws_instance.webserver (remote-exec):   Host: 35.86.247.16
module.ec2.aws_instance.webserver (remote-exec):   User: ubuntu
module.ec2.aws_instance.webserver (remote-exec):   Password: false
module.ec2.aws_instance.webserver (remote-exec):   Private key: true
module.ec2.aws_instance.webserver (remote-exec):   Certificate: false
module.ec2.aws_instance.webserver (remote-exec):   SSH Agent: true
module.ec2.aws_instance.webserver (remote-exec):   Checking Host Key: false
module.ec2.aws_instance.webserver (remote-exec):   Target Platform: unix
module.ec2.aws_instance.webserver: Still creating... [1m10s elapsed]
module.ec2.aws_instance.webserver: Still creating... [1m20s elapsed]
module.ec2.aws_instance.webserver (remote-exec): Connecting to remote host via SSH...
module.ec2.aws_instance.webserver (remote-exec):   Host: 35.86.247.16
module.ec2.aws_instance.webserver (remote-exec):   User: ubuntu
module.ec2.aws_instance.webserver (remote-exec):   Password: false
module.ec2.aws_instance.webserver (remote-exec):   Private key: true
module.ec2.aws_instance.webserver (remote-exec):   Certificate: false
module.ec2.aws_instance.webserver (remote-exec):   SSH Agent: true
module.ec2.aws_instance.webserver (remote-exec):   Checking Host Key: false
module.ec2.aws_instance.webserver (remote-exec):   Target Platform: unix
module.ec2.aws_instance.webserver: Still creating... [1m30s elapsed]
module.ec2.aws_instance.webserver: Still creating... [1m40s elapsed]
module.ec2.aws_instance.webserver (remote-exec): Connecting to remote host via SSH...
module.ec2.aws_instance.webserver (remote-exec):   Host: 35.86.247.16
module.ec2.aws_instance.webserver (remote-exec):   User: ubuntu
module.ec2.aws_instance.webserver (remote-exec):   Password: false
module.ec2.aws_instance.webserver (remote-exec):   Private key: true
module.ec2.aws_instance.webserver (remote-exec):   Certificate: false
module.ec2.aws_instance.webserver (remote-exec):   SSH Agent: true
module.ec2.aws_instance.webserver (remote-exec):   Checking Host Key: false
module.ec2.aws_instance.webserver (remote-exec):   Target Platform: unix
module.ec2.aws_instance.webserver: Still creating... [1m50s elapsed]
module.ec2.aws_instance.webserver: Still creating... [2m0s elapsed]
module.ec2.aws_instance.webserver: Still creating... [2m10s elapsed]
module.ec2.aws_instance.webserver (remote-exec): Connecting to remote host via SSH...
module.ec2.aws_instance.webserver (remote-exec):   Host: 35.86.247.16
module.ec2.aws_instance.webserver (remote-exec):   User: ubuntu
module.ec2.aws_instance.webserver (remote-exec):   Password: false
module.ec2.aws_instance.webserver (remote-exec):   Private key: true
module.ec2.aws_instance.webserver (remote-exec):   Certificate: false
module.ec2.aws_instance.webserver (remote-exec):   SSH Agent: true
module.ec2.aws_instance.webserver (remote-exec):   Checking Host Key: false
module.ec2.aws_instance.webserver (remote-exec):   Target Platform: unix
module.ec2.aws_instance.webserver: Still creating... [2m20s elapsed]
module.ec2.aws_instance.webserver: Still creating... [2m30s elapsed]
module.ec2.aws_instance.webserver (remote-exec): Connecting to remote host via SSH...
module.ec2.aws_instance.webserver (remote-exec):   Host: 35.86.247.16
module.ec2.aws_instance.webserver (remote-exec):   User: ubuntu
module.ec2.aws_instance.webserver (remote-exec):   Password: false
module.ec2.aws_instance.webserver (remote-exec):   Private key: true
module.ec2.aws_instance.webserver (remote-exec):   Certificate: false
module.ec2.aws_instance.webserver (remote-exec):   SSH Agent: true
module.ec2.aws_instance.webserver (remote-exec):   Checking Host Key: false
module.ec2.aws_instance.webserver (remote-exec):   Target Platform: unix
module.ec2.aws_instance.webserver: Still creating... [2m40s elapsed]
module.ec2.aws_instance.webserver: Still creating... [2m50s elapsed]
module.ec2.aws_instance.webserver (remote-exec): Connecting to remote host via SSH...
module.ec2.aws_instance.webserver (remote-exec):   Host: 35.86.247.16
module.ec2.aws_instance.webserver (remote-exec):   User: ubuntu
module.ec2.aws_instance.webserver (remote-exec):   Password: false
module.ec2.aws_instance.webserver (remote-exec):   Private key: true
module.ec2.aws_instance.webserver (remote-exec):   Certificate: false
module.ec2.aws_instance.webserver (remote-exec):   SSH Agent: true
module.ec2.aws_instance.webserver (remote-exec):   Checking Host Key: false
module.ec2.aws_instance.webserver (remote-exec):   Target Platform: unix
module.ec2.aws_instance.webserver: Still creating... [3m0s elapsed]
module.ec2.aws_instance.webserver: Still creating... [3m10s elapsed]
module.ec2.aws_instance.webserver (remote-exec): Connecting to remote host via SSH...
module.ec2.aws_instance.webserver (remote-exec):   Host: 35.86.247.16
module.ec2.aws_instance.webserver (remote-exec):   User: ubuntu
module.ec2.aws_instance.webserver (remote-exec):   Password: false
module.ec2.aws_instance.webserver (remote-exec):   Private key: true
module.ec2.aws_instance.webserver (remote-exec):   Certificate: false
module.ec2.aws_instance.webserver (remote-exec):   SSH Agent: true
module.ec2.aws_instance.webserver (remote-exec):   Checking Host Key: false
module.ec2.aws_instance.webserver (remote-exec):   Target Platform: unix
module.ec2.aws_instance.webserver: Still creating... [3m20s elapsed]
module.ec2.aws_instance.webserver: Still creating... [3m30s elapsed]
module.ec2.aws_instance.webserver: Still creating... [3m40s elapsed]
module.ec2.aws_instance.webserver (remote-exec): Connecting to remote host via SSH...
module.ec2.aws_instance.webserver (remote-exec):   Host: 35.86.247.16
module.ec2.aws_instance.webserver (remote-exec):   User: ubuntu
module.ec2.aws_instance.webserver (remote-exec):   Password: false
module.ec2.aws_instance.webserver (remote-exec):   Private key: true
module.ec2.aws_instance.webserver (remote-exec):   Certificate: false
module.ec2.aws_instance.webserver (remote-exec):   SSH Agent: true
module.ec2.aws_instance.webserver (remote-exec):   Checking Host Key: false
module.ec2.aws_instance.webserver (remote-exec):   Target Platform: unix
module.ec2.aws_instance.webserver: Still creating... [3m50s elapsed]
module.ec2.aws_instance.webserver: Still creating... [4m0s elapsed]
module.ec2.aws_instance.webserver (remote-exec): Connecting to remote host via SSH...
module.ec2.aws_instance.webserver (remote-exec):   Host: 35.86.247.16
module.ec2.aws_instance.webserver (remote-exec):   User: ubuntu
module.ec2.aws_instance.webserver (remote-exec):   Password: false
module.ec2.aws_instance.webserver (remote-exec):   Private key: true
module.ec2.aws_instance.webserver (remote-exec):   Certificate: false
module.ec2.aws_instance.webserver (remote-exec):   SSH Agent: true
module.ec2.aws_instance.webserver (remote-exec):   Checking Host Key: false
module.ec2.aws_instance.webserver (remote-exec):   Target Platform: unix
module.ec2.aws_instance.webserver: Still creating... [4m10s elapsed]
module.ec2.aws_instance.webserver: Still creating... [4m20s elapsed]
module.ec2.aws_instance.webserver (remote-exec): Connecting to remote host via SSH...
module.ec2.aws_instance.webserver (remote-exec):   Host: 35.86.247.16
module.ec2.aws_instance.webserver (remote-exec):   User: ubuntu
module.ec2.aws_instance.webserver (remote-exec):   Password: false
module.ec2.aws_instance.webserver (remote-exec):   Private key: true
module.ec2.aws_instance.webserver (remote-exec):   Certificate: false
module.ec2.aws_instance.webserver (remote-exec):   SSH Agent: true
module.ec2.aws_instance.webserver (remote-exec):   Checking Host Key: false
module.ec2.aws_instance.webserver (remote-exec):   Target Platform: unix
module.ec2.aws_instance.webserver: Still creating... [4m30s elapsed]
module.ec2.aws_instance.webserver: Still creating... [4m40s elapsed]
module.ec2.aws_instance.webserver (remote-exec): Connecting to remote host via SSH...
module.ec2.aws_instance.webserver (remote-exec):   Host: 35.86.247.16
module.ec2.aws_instance.webserver (remote-exec):   User: ubuntu
module.ec2.aws_instance.webserver (remote-exec):   Password: false
module.ec2.aws_instance.webserver (remote-exec):   Private key: true
module.ec2.aws_instance.webserver (remote-exec):   Certificate: false
module.ec2.aws_instance.webserver (remote-exec):   SSH Agent: true
module.ec2.aws_instance.webserver (remote-exec):   Checking Host Key: false
module.ec2.aws_instance.webserver (remote-exec):   Target Platform: unix
module.ec2.aws_instance.webserver: Still creating... [4m50s elapsed]
module.ec2.aws_instance.webserver: Still creating... [5m0s elapsed]
module.ec2.aws_instance.webserver: Still creating... [5m10s elapsed]
module.ec2.aws_instance.webserver (remote-exec): Connecting to remote host via SSH...
module.ec2.aws_instance.webserver (remote-exec):   Host: 35.86.247.16
module.ec2.aws_instance.webserver (remote-exec):   User: ubuntu
module.ec2.aws_instance.webserver (remote-exec):   Password: false
module.ec2.aws_instance.webserver (remote-exec):   Private key: true
module.ec2.aws_instance.webserver (remote-exec):   Certificate: false
module.ec2.aws_instance.webserver (remote-exec):   SSH Agent: true
module.ec2.aws_instance.webserver (remote-exec):   Checking Host Key: false
module.ec2.aws_instance.webserver (remote-exec):   Target Platform: unix
module.ec2.aws_instance.webserver: Still creating... [5m20s elapsed]
module.ec2.aws_instance.webserver: Still creating... [5m30s elapsed]
module.ec2.aws_instance.webserver (remote-exec): Connecting to remote host via SSH...
module.ec2.aws_instance.webserver (remote-exec):   Host: 35.86.247.16
module.ec2.aws_instance.webserver (remote-exec):   User: ubuntu
module.ec2.aws_instance.webserver (remote-exec):   Password: false
module.ec2.aws_instance.webserver (remote-exec):   Private key: true
module.ec2.aws_instance.webserver (remote-exec):   Certificate: false
module.ec2.aws_instance.webserver (remote-exec):   SSH Agent: true
module.ec2.aws_instance.webserver (remote-exec):   Checking Host Key: false
module.ec2.aws_instance.webserver (remote-exec):   Target Platform: unix
